
Microsoft Visual Studio Solution File, Format Version 12.00
# Visual Studio 14
VisualStudioVersion = 14.0.25420.1
MinimumVisualStudioVersion = 10.0.40219.1
Project("{FAE04EC0-301F-11D3-BF4B-00C04F79EFBC}") = "TestDrive.Windows", "TestDrive\TestDrive.Windows\TestDrive.Windows.csproj", "{A82FC250-B1DD-4298-8762-BC7D9C261A2B}"
EndProject
Project("{2150E333-8FDC-42A3-9474-1A3956D46DE8}") = "Roteiro", "Roteiro", "{773D3DE9-3D8E-4849-8765-EC8B934D08D5}"
	ProjectSection(SolutionItems) = preProject
		..\..\..\..\Downloads\XamarinVisualStudio-Roteiro.pdf = ..\..\..\..\Downloads\XamarinVisualStudio-Roteiro.pdf
	EndProjectSection
EndProject
Project("{FAE04EC0-301F-11D3-BF4B-00C04F79EFBC}") = "TestDrive.Droid", "TestDrive\TestDrive.Droid\TestDrive.Droid.csproj", "{7EB646EC-CF8D-4CE3-B462-46EED47AFC16}"
EndProject
Project("{FAE04EC0-301F-11D3-BF4B-00C04F79EFBC}") = "TestDrive", "TestDrive\TestDrive\TestDrive.csproj", "{2EEA4792-9761-42FA-9618-C86A620EBCC0}"
EndProject
Project("{FAE04EC0-301F-11D3-BF4B-00C04F79EFBC}") = "TestDrive.iOS", "TestDrive\TestDrive.iOS\TestDrive.iOS.csproj", "{A260DE1E-4953-49C9-A72F-32AFCE39F60E}"
EndProject
Project("{FAE04EC0-301F-11D3-BF4B-00C04F79EFBC}") = "TestDrive.WinPhone", "TestDrive\TestDrive.WinPhone\TestDrive.WinPhone.csproj", "{F9ECEDCC-B714-4199-A591-F4FB737BFFE4}"
EndProject
Project("{2150E333-8FDC-42A3-9474-1A3956D46DE8}") = "Aulas", "Aulas", "{D4DDE3A5-C4AD-45A3-B9EC-A7595C2A068C}"
	ProjectSection(SolutionItems) = preProject
		Aula1.md = Aula1.md
	EndProjectSection
EndProject
Global
	GlobalSection(SolutionConfigurationPlatforms) = preSolution
		Ad-Hoc|Any CPU = Ad-Hoc|Any CPU
		Ad-Hoc|ARM = Ad-Hoc|ARM
		Ad-Hoc|iPhone = Ad-Hoc|iPhone
		Ad-Hoc|iPhoneSimulator = Ad-Hoc|iPhoneSimulator
		Ad-Hoc|x64 = Ad-Hoc|x64
		Ad-Hoc|x86 = Ad-Hoc|x86
		AppStore|Any CPU = AppStore|Any CPU
		AppStore|ARM = AppStore|ARM
		AppStore|iPhone = AppStore|iPhone
		AppStore|iPhoneSimulator = AppStore|iPhoneSimulator
		AppStore|x64 = AppStore|x64
		AppStore|x86 = AppStore|x86
		Debug|Any CPU = Debug|Any CPU
		Debug|ARM = Debug|ARM
		Debug|iPhone = Debug|iPhone
		Debug|iPhoneSimulator = Debug|iPhoneSimulator
		Debug|x64 = Debug|x64
		Debug|x86 = Debug|x86
		Release|Any CPU = Release|Any CPU
		Release|ARM = Release|ARM
		Release|iPhone = Release|iPhone
		Release|iPhoneSimulator = Release|iPhoneSimulator
		Release|x64 = Release|x64
		Release|x86 = Release|x86
	EndGlobalSection
	GlobalSection(ProjectConfigurationPlatforms) = postSolution
		{A82FC250-B1DD-4298-8762-BC7D9C261A2B}.Ad-Hoc|Any CPU.ActiveCfg = Release|Any CPU
		{A82FC250-B1DD-4298-8762-BC7D9C261A2B}.Ad-Hoc|Any CPU.Build.0 = Release|Any CPU
		{A82FC250-B1DD-4298-8762-BC7D9C261A2B}.Ad-Hoc|Any CPU.Deploy.0 = Release|Any CPU
		{A82FC250-B1DD-4298-8762-BC7D9C261A2B}.Ad-Hoc|ARM.ActiveCfg = Release|ARM
		{A82FC250-B1DD-4298-8762-BC7D9C261A2B}.Ad-Hoc|ARM.Build.0 = Release|ARM
		{A82FC250-B1DD-4298-8762-BC7D9C261A2B}.Ad-Hoc|ARM.Deploy.0 = Release|ARM
		{A82FC250-B1DD-4298-8762-BC7D9C261A2B}.Ad-Hoc|iPhone.ActiveCfg = Release|Any CPU
		{A82FC250-B1DD-4298-8762-BC7D9C261A2B}.Ad-Hoc|iPhone.Build.0 = Release|Any CPU
		{A82FC250-B1DD-4298-8762-BC7D9C261A2B}.Ad-Hoc|iPhone.Deploy.0 = Release|Any CPU
		{A82FC250-B1DD-4298-8762-BC7D9C261A2B}.Ad-Hoc|iPhoneSimulator.ActiveCfg = Release|Any CPU
		{A82FC250-B1DD-4298-8762-BC7D9C261A2B}.Ad-Hoc|iPhoneSimulator.Build.0 = Release|Any CPU
		{A82FC250-B1DD-4298-8762-BC7D9C261A2B}.Ad-Hoc|iPhoneSimulator.Deploy.0 = Release|Any CPU
		{A82FC250-B1DD-4298-8762-BC7D9C261A2B}.Ad-Hoc|x64.ActiveCfg = Release|x64
		{A82FC250-B1DD-4298-8762-BC7D9C261A2B}.Ad-Hoc|x64.Build.0 = Release|x64
		{A82FC250-B1DD-4298-8762-BC7D9C261A2B}.Ad-Hoc|x64.Deploy.0 = Release|x64
		{A82FC250-B1DD-4298-8762-BC7D9C261A2B}.Ad-Hoc|x86.ActiveCfg = Release|x86
		{A82FC250-B1DD-4298-8762-BC7D9C261A2B}.Ad-Hoc|x86.Build.0 = Release|x86
		{A82FC250-B1DD-4298-8762-BC7D9C261A2B}.Ad-Hoc|x86.Deploy.0 = Release|x86
		{A82FC250-B1DD-4298-8762-BC7D9C261A2B}.AppStore|Any CPU.ActiveCfg = Release|Any CPU
		{A82FC250-B1DD-4298-8762-BC7D9C261A2B}.AppStore|Any CPU.Build.0 = Release|Any CPU
		{A82FC250-B1DD-4298-8762-BC7D9C261A2B}.AppStore|Any CPU.Deploy.0 = Release|Any CPU
		{A82FC250-B1DD-4298-8762-BC7D9C261A2B}.AppStore|ARM.ActiveCfg = Release|ARM
		{A82FC250-B1DD-4298-8762-BC7D9C261A2B}.AppStore|ARM.Build.0 = Release|ARM
		{A82FC250-B1DD-4298-8762-BC7D9C261A2B}.AppStore|ARM.Deploy.0 = Release|ARM
		{A82FC250-B1DD-4298-8762-BC7D9C261A2B}.AppStore|iPhone.ActiveCfg = Release|Any CPU
		{A82FC250-B1DD-4298-8762-BC7D9C261A2B}.AppStore|iPhone.Build.0 = Release|Any CPU
		{A82FC250-B1DD-4298-8762-BC7D9C261A2B}.AppStore|iPhone.Deploy.0 = Release|Any CPU
		{A82FC250-B1DD-4298-8762-BC7D9C261A2B}.AppStore|iPhoneSimulator.ActiveCfg = Release|Any CPU
		{A82FC250-B1DD-4298-8762-BC7D9C261A2B}.AppStore|iPhoneSimulator.Build.0 = Release|Any CPU
		{A82FC250-B1DD-4298-8762-BC7D9C261A2B}.AppStore|iPhoneSimulator.Deploy.0 = Release|Any CPU
		{A82FC250-B1DD-4298-8762-BC7D9C261A2B}.AppStore|x64.ActiveCfg = Release|x64
		{A82FC250-B1DD-4298-8762-BC7D9C261A2B}.AppStore|x64.Build.0 = Release|x64
		{A82FC250-B1DD-4298-8762-BC7D9C261A2B}.AppStore|x64.Deploy.0 = Release|x64
		{A82FC250-B1DD-4298-8762-BC7D9C261A2B}.AppStore|x86.ActiveCfg = Release|x86
		{A82FC250-B1DD-4298-8762-BC7D9C261A2B}.AppStore|x86.Build.0 = Release|x86
		{A82FC250-B1DD-4298-8762-BC7D9C261A2B}.AppStore|x86.Deploy.0 = Release|x86
		{A82FC250-B1DD-4298-8762-BC7D9C261A2B}.Debug|Any CPU.ActiveCfg = Debug|Any CPU
		{A82FC250-B1DD-4298-8762-BC7D9C261A2B}.Debug|ARM.ActiveCfg = Debug|ARM
		{A82FC250-B1DD-4298-8762-BC7D9C261A2B}.Debug|ARM.Build.0 = Debug|ARM
		{A82FC250-B1DD-4298-8762-BC7D9C261A2B}.Debug|ARM.Deploy.0 = Debug|ARM
		{A82FC250-B1DD-4298-8762-BC7D9C261A2B}.Debug|iPhone.ActiveCfg = Debug|Any CPU
		{A82FC250-B1DD-4298-8762-BC7D9C261A2B}.Debug|iPhoneSimulator.ActiveCfg = Debug|Any CPU
		{A82FC250-B1DD-4298-8762-BC7D9C261A2B}.Debug|iPhoneSimulator.Build.0 = Debug|Any CPU
		{A82FC250-B1DD-4298-8762-BC7D9C261A2B}.Debug|iPhoneSimulator.Deploy.0 = Debug|Any CPU
		{A82FC250-B1DD-4298-8762-BC7D9C261A2B}.Debug|x64.ActiveCfg = Debug|x64
		{A82FC250-B1DD-4298-8762-BC7D9C261A2B}.Debug|x64.Build.0 = Debug|x64
		{A82FC250-B1DD-4298-8762-BC7D9C261A2B}.Debug|x64.Deploy.0 = Debug|x64
		{A82FC250-B1DD-4298-8762-BC7D9C261A2B}.Debug|x86.ActiveCfg = Debug|x86
		{A82FC250-B1DD-4298-8762-BC7D9C261A2B}.Debug|x86.Build.0 = Debug|x86
		{A82FC250-B1DD-4298-8762-BC7D9C261A2B}.Debug|x86.Deploy.0 = Debug|x86
		{A82FC250-B1DD-4298-8762-BC7D9C261A2B}.Release|Any CPU.ActiveCfg = Release|Any CPU
		{A82FC250-B1DD-4298-8762-BC7D9C261A2B}.Release|Any CPU.Build.0 = Release|Any CPU
		{A82FC250-B1DD-4298-8762-BC7D9C261A2B}.Release|Any CPU.Deploy.0 = Release|Any CPU
		{A82FC250-B1DD-4298-8762-BC7D9C261A2B}.Release|ARM.ActiveCfg = Release|ARM
		{A82FC250-B1DD-4298-8762-BC7D9C261A2B}.Release|ARM.Build.0 = Release|ARM
		{A82FC250-B1DD-4298-8762-BC7D9C261A2B}.Release|ARM.Deploy.0 = Release|ARM
		{A82FC250-B1DD-4298-8762-BC7D9C261A2B}.Release|iPhone.ActiveCfg = Release|Any CPU
		{A82FC250-B1DD-4298-8762-BC7D9C261A2B}.Release|iPhone.Build.0 = Release|Any CPU
		{A82FC250-B1DD-4298-8762-BC7D9C261A2B}.Release|iPhone.Deploy.0 = Release|Any CPU
		{A82FC250-B1DD-4298-8762-BC7D9C261A2B}.Release|iPhoneSimulator.ActiveCfg = Release|Any CPU
		{A82FC250-B1DD-4298-8762-BC7D9C261A2B}.Release|iPhoneSimulator.Build.0 = Release|Any CPU
		{A82FC250-B1DD-4298-8762-BC7D9C261A2B}.Release|iPhoneSimulator.Deploy.0 = Release|Any CPU
		{A82FC250-B1DD-4298-8762-BC7D9C261A2B}.Release|x64.ActiveCfg = Release|x64
		{A82FC250-B1DD-4298-8762-BC7D9C261A2B}.Release|x64.Build.0 = Release|x64
		{A82FC250-B1DD-4298-8762-BC7D9C261A2B}.Release|x64.Deploy.0 = Release|x64
		{A82FC250-B1DD-4298-8762-BC7D9C261A2B}.Release|x86.ActiveCfg = Release|x86
		{A82FC250-B1DD-4298-8762-BC7D9C261A2B}.Release|x86.Build.0 = Release|x86
		{A82FC250-B1DD-4298-8762-BC7D9C261A2B}.Release|x86.Deploy.0 = Release|x86
		{7EB646EC-CF8D-4CE3-B462-46EED47AFC16}.Ad-Hoc|Any CPU.ActiveCfg = Release|Any CPU
		{7EB646EC-CF8D-4CE3-B462-46EED47AFC16}.Ad-Hoc|Any CPU.Build.0 = Release|Any CPU
		{7EB646EC-CF8D-4CE3-B462-46EED47AFC16}.Ad-Hoc|Any CPU.Deploy.0 = Release|Any CPU
		{7EB646EC-CF8D-4CE3-B462-46EED47AFC16}.Ad-Hoc|ARM.ActiveCfg = Release|Any CPU
		{7EB646EC-CF8D-4CE3-B462-46EED47AFC16}.Ad-Hoc|ARM.Build.0 = Release|Any CPU
		{7EB646EC-CF8D-4CE3-B462-46EED47AFC16}.Ad-Hoc|ARM.Deploy.0 = Release|Any CPU
		{7EB646EC-CF8D-4CE3-B462-46EED47AFC16}.Ad-Hoc|iPhone.ActiveCfg = Release|Any CPU
		{7EB646EC-CF8D-4CE3-B462-46EED47AFC16}.Ad-Hoc|iPhone.Build.0 = Release|Any CPU
		{7EB646EC-CF8D-4CE3-B462-46EED47AFC16}.Ad-Hoc|iPhone.Deploy.0 = Release|Any CPU
		{7EB646EC-CF8D-4CE3-B462-46EED47AFC16}.Ad-Hoc|iPhoneSimulator.ActiveCfg = Release|Any CPU
		{7EB646EC-CF8D-4CE3-B462-46EED47AFC16}.Ad-Hoc|iPhoneSimulator.Build.0 = Release|Any CPU
		{7EB646EC-CF8D-4CE3-B462-46EED47AFC16}.Ad-Hoc|iPhoneSimulator.Deploy.0 = Release|Any CPU
		{7EB646EC-CF8D-4CE3-B462-46EED47AFC16}.Ad-Hoc|x64.ActiveCfg = Release|Any CPU
		{7EB646EC-CF8D-4CE3-B462-46EED47AFC16}.Ad-Hoc|x64.Build.0 = Release|Any CPU
		{7EB646EC-CF8D-4CE3-B462-46EED47AFC16}.Ad-Hoc|x64.Deploy.0 = Release|Any CPU
		{7EB646EC-CF8D-4CE3-B462-46EED47AFC16}.Ad-Hoc|x86.ActiveCfg = Release|Any CPU
		{7EB646EC-CF8D-4CE3-B462-46EED47AFC16}.Ad-Hoc|x86.Build.0 = Release|Any CPU
		{7EB646EC-CF8D-4CE3-B462-46EED47AFC16}.Ad-Hoc|x86.Deploy.0 = Release|Any CPU
		{7EB646EC-CF8D-4CE3-B462-46EED47AFC16}.AppStore|Any CPU.ActiveCfg = Release|Any CPU
		{7EB646EC-CF8D-4CE3-B462-46EED47AFC16}.AppStore|Any CPU.Build.0 = Release|Any CPU
		{7EB646EC-CF8D-4CE3-B462-46EED47AFC16}.AppStore|Any CPU.Deploy.0 = Release|Any CPU
		{7EB646EC-CF8D-4CE3-B462-46EED47AFC16}.AppStore|ARM.ActiveCfg = Release|Any CPU
		{7EB646EC-CF8D-4CE3-B462-46EED47AFC16}.AppStore|ARM.Build.0 = Release|Any CPU
		{7EB646EC-CF8D-4CE3-B462-46EED47AFC16}.AppStore|ARM.Deploy.0 = Release|Any CPU
		{7EB646EC-CF8D-4CE3-B462-46EED47AFC16}.AppStore|iPhone.ActiveCfg = Release|Any CPU
		{7EB646EC-CF8D-4CE3-B462-46EED47AFC16}.AppStore|iPhone.Build.0 = Release|Any CPU
		{7EB646EC-CF8D-4CE3-B462-46EED47AFC16}.AppStore|iPhone.Deploy.0 = Release|Any CPU
		{7EB646EC-CF8D-4CE3-B462-46EED47AFC16}.AppStore|iPhoneSimulator.ActiveCfg = Release|Any CPU
		{7EB646EC-CF8D-4CE3-B462-46EED47AFC16}.AppStore|iPhoneSimulator.Build.0 = Release|Any CPU
		{7EB646EC-CF8D-4CE3-B462-46EED47AFC16}.AppStore|iPhoneSimulator.Deploy.0 = Release|Any CPU
		{7EB646EC-CF8D-4CE3-B462-46EED47AFC16}.AppStore|x64.ActiveCfg = Release|Any CPU
		{7EB646EC-CF8D-4CE3-B462-46EED47AFC16}.AppStore|x64.Build.0 = Release|Any CPU
		{7EB646EC-CF8D-4CE3-B462-46EED47AFC16}.AppStore|x64.Deploy.0 = Release|Any CPU
		{7EB646EC-CF8D-4CE3-B462-46EED47AFC16}.AppStore|x86.ActiveCfg = Release|Any CPU
		{7EB646EC-CF8D-4CE3-B462-46EED47AFC16}.AppStore|x86.Build.0 = Release|Any CPU
		{7EB646EC-CF8D-4CE3-B462-46EED47AFC16}.AppStore|x86.Deploy.0 = Release|Any CPU
		{7EB646EC-CF8D-4CE3-B462-46EED47AFC16}.Debug|Any CPU.ActiveCfg = Debug|Any CPU
		{7EB646EC-CF8D-4CE3-B462-46EED47AFC16}.Debug|Any CPU.Build.0 = Debug|Any CPU
		{7EB646EC-CF8D-4CE3-B462-46EED47AFC16}.Debug|Any CPU.Deploy.0 = Debug|Any CPU
		{7EB646EC-CF8D-4CE3-B462-46EED47AFC16}.Debug|ARM.ActiveCfg = Debug|Any CPU
		{7EB646EC-CF8D-4CE3-B462-46EED47AFC16}.Debug|ARM.Build.0 = Debug|Any CPU
		{7EB646EC-CF8D-4CE3-B462-46EED47AFC16}.Debug|ARM.Deploy.0 = Debug|Any CPU
		{7EB646EC-CF8D-4CE3-B462-46EED47AFC16}.Debug|iPhone.ActiveCfg = Debug|Any CPU
		{7EB646EC-CF8D-4CE3-B462-46EED47AFC16}.Debug|iPhone.Build.0 = Debug|Any CPU
		{7EB646EC-CF8D-4CE3-B462-46EED47AFC16}.Debug|iPhone.Deploy.0 = Debug|Any CPU
		{7EB646EC-CF8D-4CE3-B462-46EED47AFC16}.Debug|iPhoneSimulator.ActiveCfg = Debug|Any CPU
		{7EB646EC-CF8D-4CE3-B462-46EED47AFC16}.Debug|iPhoneSimulator.Build.0 = Debug|Any CPU
		{7EB646EC-CF8D-4CE3-B462-46EED47AFC16}.Debug|iPhoneSimulator.Deploy.0 = Debug|Any CPU
		{7EB646EC-CF8D-4CE3-B462-46EED47AFC16}.Debug|x64.ActiveCfg = Debug|Any CPU
		{7EB646EC-CF8D-4CE3-B462-46EED47AFC16}.Debug|x64.Build.0 = Debug|Any CPU
		{7EB646EC-CF8D-4CE3-B462-46EED47AFC16}.Debug|x64.Deploy.0 = Debug|Any CPU
		{7EB646EC-CF8D-4CE3-B462-46EED47AFC16}.Debug|x86.ActiveCfg = Debug|Any CPU
		{7EB646EC-CF8D-4CE3-B462-46EED47AFC16}.Debug|x86.Build.0 = Debug|Any CPU
		{7EB646EC-CF8D-4CE3-B462-46EED47AFC16}.Debug|x86.Deploy.0 = Debug|Any CPU
		{7EB646EC-CF8D-4CE3-B462-46EED47AFC16}.Release|Any CPU.ActiveCfg = Release|Any CPU
		{7EB646EC-CF8D-4CE3-B462-46EED47AFC16}.Release|Any CPU.Build.0 = Release|Any CPU
		{7EB646EC-CF8D-4CE3-B462-46EED47AFC16}.Release|Any CPU.Deploy.0 = Release|Any CPU
		{7EB646EC-CF8D-4CE3-B462-46EED47AFC16}.Release|ARM.ActiveCfg = Release|Any CPU
		{7EB646EC-CF8D-4CE3-B462-46EED47AFC16}.Release|ARM.Build.0 = Release|Any CPU
		{7EB646EC-CF8D-4CE3-B462-46EED47AFC16}.Release|ARM.Deploy.0 = Release|Any CPU
		{7EB646EC-CF8D-4CE3-B462-46EED47AFC16}.Release|iPhone.ActiveCfg = Release|Any CPU
		{7EB646EC-CF8D-4CE3-B462-46EED47AFC16}.Release|iPhone.Build.0 = Release|Any CPU
		{7EB646EC-CF8D-4CE3-B462-46EED47AFC16}.Release|iPhone.Deploy.0 = Release|Any CPU
		{7EB646EC-CF8D-4CE3-B462-46EED47AFC16}.Release|iPhoneSimulator.ActiveCfg = Release|Any CPU
		{7EB646EC-CF8D-4CE3-B462-46EED47AFC16}.Release|iPhoneSimulator.Build.0 = Release|Any CPU
		{7EB646EC-CF8D-4CE3-B462-46EED47AFC16}.Release|iPhoneSimulator.Deploy.0 = Release|Any CPU
		{7EB646EC-CF8D-4CE3-B462-46EED47AFC16}.Release|x64.ActiveCfg = Release|Any CPU
		{7EB646EC-CF8D-4CE3-B462-46EED47AFC16}.Release|x64.Build.0 = Release|Any CPU
		{7EB646EC-CF8D-4CE3-B462-46EED47AFC16}.Release|x64.Deploy.0 = Release|Any CPU
		{7EB646EC-CF8D-4CE3-B462-46EED47AFC16}.Release|x86.ActiveCfg = Release|Any CPU
		{7EB646EC-CF8D-4CE3-B462-46EED47AFC16}.Release|x86.Build.0 = Release|Any CPU
		{7EB646EC-CF8D-4CE3-B462-46EED47AFC16}.Release|x86.Deploy.0 = Release|Any CPU
		{2EEA4792-9761-42FA-9618-C86A620EBCC0}.Ad-Hoc|Any CPU.ActiveCfg = Release|Any CPU
		{2EEA4792-9761-42FA-9618-C86A620EBCC0}.Ad-Hoc|Any CPU.Build.0 = Release|Any CPU
		{2EEA4792-9761-42FA-9618-C86A620EBCC0}.Ad-Hoc|ARM.ActiveCfg = Release|Any CPU
		{2EEA4792-9761-42FA-9618-C86A620EBCC0}.Ad-Hoc|ARM.Build.0 = Release|Any CPU
		{2EEA4792-9761-42FA-9618-C86A620EBCC0}.Ad-Hoc|iPhone.ActiveCfg = Release|Any CPU
		{2EEA4792-9761-42FA-9618-C86A620EBCC0}.Ad-Hoc|iPhone.Build.0 = Release|Any CPU
		{2EEA4792-9761-42FA-9618-C86A620EBCC0}.Ad-Hoc|iPhoneSimulator.ActiveCfg = Release|Any CPU
		{2EEA4792-9761-42FA-9618-C86A620EBCC0}.Ad-Hoc|iPhoneSimulator.Build.0 = Release|Any CPU
		{2EEA4792-9761-42FA-9618-C86A620EBCC0}.Ad-Hoc|x64.ActiveCfg = Release|Any CPU
		{2EEA4792-9761-42FA-9618-C86A620EBCC0}.Ad-Hoc|x64.Build.0 = Release|Any CPU
		{2EEA4792-9761-42FA-9618-C86A620EBCC0}.Ad-Hoc|x86.ActiveCfg = Release|Any CPU
		{2EEA4792-9761-42FA-9618-C86A620EBCC0}.Ad-Hoc|x86.Build.0 = Release|Any CPU
		{2EEA4792-9761-42FA-9618-C86A620EBCC0}.AppStore|Any CPU.ActiveCfg = Release|Any CPU
		{2EEA4792-9761-42FA-9618-C86A620EBCC0}.AppStore|Any CPU.Build.0 = Release|Any CPU
		{2EEA4792-9761-42FA-9618-C86A620EBCC0}.AppStore|ARM.ActiveCfg = Release|Any CPU
		{2EEA4792-9761-42FA-9618-C86A620EBCC0}.AppStore|ARM.Build.0 = Release|Any CPU
		{2EEA4792-9761-42FA-9618-C86A620EBCC0}.AppStore|iPhone.ActiveCfg = Release|Any CPU
		{2EEA4792-9761-42FA-9618-C86A620EBCC0}.AppStore|iPhone.Build.0 = Release|Any CPU
		{2EEA4792-9761-42FA-9618-C86A620EBCC0}.AppStore|iPhoneSimulator.ActiveCfg = Release|Any CPU
		{2EEA4792-9761-42FA-9618-C86A620EBCC0}.AppStore|iPhoneSimulator.Build.0 = Release|Any CPU
		{2EEA4792-9761-42FA-9618-C86A620EBCC0}.AppStore|x64.ActiveCfg = Release|Any CPU
		{2EEA4792-9761-42FA-9618-C86A620EBCC0}.AppStore|x64.Build.0 = Release|Any CPU
		{2EEA4792-9761-42FA-9618-C86A620EBCC0}.AppStore|x86.ActiveCfg = Release|Any CPU
		{2EEA4792-9761-42FA-9618-C86A620EBCC0}.AppStore|x86.Build.0 = Release|Any CPU
		{2EEA4792-9761-42FA-9618-C86A620EBCC0}.Debug|Any CPU.ActiveCfg = Debug|Any CPU
		{2EEA4792-9761-42FA-9618-C86A620EBCC0}.Debug|Any CPU.Build.0 = Debug|Any CPU
		{2EEA4792-9761-42FA-9618-C86A620EBCC0}.Debug|ARM.ActiveCfg = Debug|Any CPU
		{2EEA4792-9761-42FA-9618-C86A620EBCC0}.Debug|ARM.Build.0 = Debug|Any CPU
		{2EEA4792-9761-42FA-9618-C86A620EBCC0}.Debug|iPhone.ActiveCfg = Debug|Any CPU
		{2EEA4792-9761-42FA-9618-C86A620EBCC0}.Debug|iPhone.Build.0 = Debug|Any CPU
		{2EEA4792-9761-42FA-9618-C86A620EBCC0}.Debug|iPhoneSimulator.ActiveCfg = Debug|Any CPU
		{2EEA4792-9761-42FA-9618-C86A620EBCC0}.Debug|iPhoneSimulator.Build.0 = Debug|Any CPU
		{2EEA4792-9761-42FA-9618-C86A620EBCC0}.Debug|x64.ActiveCfg = Debug|Any CPU
		{2EEA4792-9761-42FA-9618-C86A620EBCC0}.Debug|x64.Build.0 = Debug|Any CPU
		{2EEA4792-9761-42FA-9618-C86A620EBCC0}.Debug|x86.ActiveCfg = Debug|Any CPU
		{2EEA4792-9761-42FA-9618-C86A620EBCC0}.Debug|x86.Build.0 = Debug|Any CPU
		{2EEA4792-9761-42FA-9618-C86A620EBCC0}.Release|Any CPU.ActiveCfg = Release|Any CPU
		{2EEA4792-9761-42FA-9618-C86A620EBCC0}.Release|Any CPU.Build.0 = Release|Any CPU
		{2EEA4792-9761-42FA-9618-C86A620EBCC0}.Release|ARM.ActiveCfg = Release|Any CPU
		{2EEA4792-9761-42FA-9618-C86A620EBCC0}.Release|ARM.Build.0 = Release|Any CPU
		{2EEA4792-9761-42FA-9618-C86A620EBCC0}.Release|iPhone.ActiveCfg = Release|Any CPU
		{2EEA4792-9761-42FA-9618-C86A620EBCC0}.Release|iPhone.Build.0 = Release|Any CPU
		{2EEA4792-9761-42FA-9618-C86A620EBCC0}.Release|iPhoneSimulator.ActiveCfg = Release|Any CPU
		{2EEA4792-9761-42FA-9618-C86A620EBCC0}.Release|iPhoneSimulator.Build.0 = Release|Any CPU
		{2EEA4792-9761-42FA-9618-C86A620EBCC0}.Release|x64.ActiveCfg = Release|Any CPU
		{2EEA4792-9761-42FA-9618-C86A620EBCC0}.Release|x64.Build.0 = Release|Any CPU
		{2EEA4792-9761-42FA-9618-C86A620EBCC0}.Release|x86.ActiveCfg = Release|Any CPU
		{2EEA4792-9761-42FA-9618-C86A620EBCC0}.Release|x86.Build.0 = Release|Any CPU
		{A260DE1E-4953-49C9-A72F-32AFCE39F60E}.Ad-Hoc|Any CPU.ActiveCfg = Ad-Hoc|iPhone
		{A260DE1E-4953-49C9-A72F-32AFCE39F60E}.Ad-Hoc|ARM.ActiveCfg = Ad-Hoc|iPhone
		{A260DE1E-4953-49C9-A72F-32AFCE39F60E}.Ad-Hoc|iPhone.ActiveCfg = Ad-Hoc|iPhone
		{A260DE1E-4953-49C9-A72F-32AFCE39F60E}.Ad-Hoc|iPhone.Build.0 = Ad-Hoc|iPhone
		{A260DE1E-4953-49C9-A72F-32AFCE39F60E}.Ad-Hoc|iPhoneSimulator.ActiveCfg = Ad-Hoc|iPhoneSimulator
		{A260DE1E-4953-49C9-A72F-32AFCE39F60E}.Ad-Hoc|iPhoneSimulator.Build.0 = Ad-Hoc|iPhoneSimulator
		{A260DE1E-4953-49C9-A72F-32AFCE39F60E}.Ad-Hoc|x64.ActiveCfg = Ad-Hoc|iPhone
		{A260DE1E-4953-49C9-A72F-32AFCE39F60E}.Ad-Hoc|x86.ActiveCfg = Ad-Hoc|iPhone
		{A260DE1E-4953-49C9-A72F-32AFCE39F60E}.AppStore|Any CPU.ActiveCfg = AppStore|iPhone
		{A260DE1E-4953-49C9-A72F-32AFCE39F60E}.AppStore|ARM.ActiveCfg = AppStore|iPhone
		{A260DE1E-4953-49C9-A72F-32AFCE39F60E}.AppStore|iPhone.ActiveCfg = AppStore|iPhone
		{A260DE1E-4953-49C9-A72F-32AFCE39F60E}.AppStore|iPhone.Build.0 = AppStore|iPhone
		{A260DE1E-4953-49C9-A72F-32AFCE39F60E}.AppStore|iPhoneSimulator.ActiveCfg = AppStore|iPhoneSimulator
		{A260DE1E-4953-49C9-A72F-32AFCE39F60E}.AppStore|iPhoneSimulator.Build.0 = AppStore|iPhoneSimulator
		{A260DE1E-4953-49C9-A72F-32AFCE39F60E}.AppStore|x64.ActiveCfg = AppStore|iPhone
		{A260DE1E-4953-49C9-A72F-32AFCE39F60E}.AppStore|x86.ActiveCfg = AppStore|iPhone
		{A260DE1E-4953-49C9-A72F-32AFCE39F60E}.Debug|Any CPU.ActiveCfg = Debug|iPhone
		{A260DE1E-4953-49C9-A72F-32AFCE39F60E}.Debug|ARM.ActiveCfg = Debug|iPhone
		{A260DE1E-4953-49C9-A72F-32AFCE39F60E}.Debug|iPhone.ActiveCfg = Debug|iPhone
		{A260DE1E-4953-49C9-A72F-32AFCE39F60E}.Debug|iPhoneSimulator.ActiveCfg = Debug|iPhoneSimulator
		{A260DE1E-4953-49C9-A72F-32AFCE39F60E}.Debug|iPhoneSimulator.Build.0 = Debug|iPhoneSimulator
		{A260DE1E-4953-49C9-A72F-32AFCE39F60E}.Debug|x64.ActiveCfg = Debug|iPhone
		{A260DE1E-4953-49C9-A72F-32AFCE39F60E}.Debug|x86.ActiveCfg = Debug|iPhone
		{A260DE1E-4953-49C9-A72F-32AFCE39F60E}.Release|Any CPU.ActiveCfg = Release|iPhone
		{A260DE1E-4953-49C9-A72F-32AFCE39F60E}.Release|ARM.ActiveCfg = Release|iPhone
		{A260DE1E-4953-49C9-A72F-32AFCE39F60E}.Release|iPhone.ActiveCfg = Release|iPhone
		{A260DE1E-4953-49C9-A72F-32AFCE39F60E}.Release|iPhone.Build.0 = Release|iPhone
		{A260DE1E-4953-49C9-A72F-32AFCE39F60E}.Release|iPhoneSimulator.ActiveCfg = Release|iPhoneSimulator
		{A260DE1E-4953-49C9-A72F-32AFCE39F60E}.Release|iPhoneSimulator.Build.0 = Release|iPhoneSimulator
		{A260DE1E-4953-49C9-A72F-32AFCE39F60E}.Release|x64.ActiveCfg = Release|iPhone
		{A260DE1E-4953-49C9-A72F-32AFCE39F60E}.Release|x86.ActiveCfg = Release|iPhone
		{F9ECEDCC-B714-4199-A591-F4FB737BFFE4}.Ad-Hoc|Any CPU.ActiveCfg = Release|Any CPU
		{F9ECEDCC-B714-4199-A591-F4FB737BFFE4}.Ad-Hoc|Any CPU.Build.0 = Release|Any CPU
		{F9ECEDCC-B714-4199-A591-F4FB737BFFE4}.Ad-Hoc|Any CPU.Deploy.0 = Release|Any CPU
		{F9ECEDCC-B714-4199-A591-F4FB737BFFE4}.Ad-Hoc|ARM.ActiveCfg = Release|ARM
		{F9ECEDCC-B714-4199-A591-F4FB737BFFE4}.Ad-Hoc|ARM.Build.0 = Release|ARM
		{F9ECEDCC-B714-4199-A591-F4FB737BFFE4}.Ad-Hoc|ARM.Deploy.0 = Release|ARM
		{F9ECEDCC-B714-4199-A591-F4FB737BFFE4}.Ad-Hoc|iPhone.ActiveCfg = Release|Any CPU
		{F9ECEDCC-B714-4199-A591-F4FB737BFFE4}.Ad-Hoc|iPhone.Build.0 = Release|Any CPU
		{F9ECEDCC-B714-4199-A591-F4FB737BFFE4}.Ad-Hoc|iPhone.Deploy.0 = Release|Any CPU
		{F9ECEDCC-B714-4199-A591-F4FB737BFFE4}.Ad-Hoc|iPhoneSimulator.ActiveCfg = Release|Any CPU
		{F9ECEDCC-B714-4199-A591-F4FB737BFFE4}.Ad-Hoc|iPhoneSimulator.Build.0 = Release|Any CPU
		{F9ECEDCC-B714-4199-A591-F4FB737BFFE4}.Ad-Hoc|iPhoneSimulator.Deploy.0 = Release|Any CPU
		{F9ECEDCC-B714-4199-A591-F4FB737BFFE4}.Ad-Hoc|x64.ActiveCfg = Release|Any CPU
		{F9ECEDCC-B714-4199-A591-F4FB737BFFE4}.Ad-Hoc|x64.Build.0 = Release|Any CPU
		{F9ECEDCC-B714-4199-A591-F4FB737BFFE4}.Ad-Hoc|x64.Deploy.0 = Release|Any CPU
		{F9ECEDCC-B714-4199-A591-F4FB737BFFE4}.Ad-Hoc|x86.ActiveCfg = Release|x86
		{F9ECEDCC-B714-4199-A591-F4FB737BFFE4}.Ad-Hoc|x86.Build.0 = Release|x86
		{F9ECEDCC-B714-4199-A591-F4FB737BFFE4}.Ad-Hoc|x86.Deploy.0 = Release|x86
		{F9ECEDCC-B714-4199-A591-F4FB737BFFE4}.AppStore|Any CPU.ActiveCfg = Release|Any CPU
		{F9ECEDCC-B714-4199-A591-F4FB737BFFE4}.AppStore|Any CPU.Build.0 = Release|Any CPU
		{F9ECEDCC-B714-4199-A591-F4FB737BFFE4}.AppStore|Any CPU.Deploy.0 = Release|Any CPU
		{F9ECEDCC-B714-4199-A591-F4FB737BFFE4}.AppStore|ARM.ActiveCfg = Release|ARM
		{F9ECEDCC-B714-4199-A591-F4FB737BFFE4}.AppStore|ARM.Build.0 = Release|ARM
		{F9ECEDCC-B714-4199-A591-F4FB737BFFE4}.AppStore|ARM.Deploy.0 = Release|ARM
		{F9ECEDCC-B714-4199-A591-F4FB737BFFE4}.AppStore|iPhone.ActiveCfg = Release|Any CPU
		{F9ECEDCC-B714-4199-A591-F4FB737BFFE4}.AppStore|iPhone.Build.0 = Release|Any CPU
		{F9ECEDCC-B714-4199-A591-F4FB737BFFE4}.AppStore|iPhone.Deploy.0 = Release|Any CPU
		{F9ECEDCC-B714-4199-A591-F4FB737BFFE4}.AppStore|iPhoneSimulator.ActiveCfg = Release|Any CPU
		{F9ECEDCC-B714-4199-A591-F4FB737BFFE4}.AppStore|iPhoneSimulator.Build.0 = Release|Any CPU
		{F9ECEDCC-B714-4199-A591-F4FB737BFFE4}.AppStore|iPhoneSimulator.Deploy.0 = Release|Any CPU
		{F9ECEDCC-B714-4199-A591-F4FB737BFFE4}.AppStore|x64.ActiveCfg = Release|Any CPU
		{F9ECEDCC-B714-4199-A591-F4FB737BFFE4}.AppStore|x64.Build.0 = Release|Any CPU
		{F9ECEDCC-B714-4199-A591-F4FB737BFFE4}.AppStore|x64.Deploy.0 = Release|Any CPU
		{F9ECEDCC-B714-4199-A591-F4FB737BFFE4}.AppStore|x86.ActiveCfg = Release|x86
		{F9ECEDCC-B714-4199-A591-F4FB737BFFE4}.AppStore|x86.Build.0 = Release|x86
		{F9ECEDCC-B714-4199-A591-F4FB737BFFE4}.AppStore|x86.Deploy.0 = Release|x86
		{F9ECEDCC-B714-4199-A591-F4FB737BFFE4}.Debug|Any CPU.ActiveCfg = Debug|Any CPU
		{F9ECEDCC-B714-4199-A591-F4FB737BFFE4}.Debug|Any CPU.Build.0 = Debug|Any CPU
		{F9ECEDCC-B714-4199-A591-F4FB737BFFE4}.Debug|Any CPU.Deploy.0 = Debug|Any CPU
		{F9ECEDCC-B714-4199-A591-F4FB737BFFE4}.Debug|ARM.ActiveCfg = Debug|ARM
		{F9ECEDCC-B714-4199-A591-F4FB737BFFE4}.Debug|ARM.Build.0 = Debug|ARM
		{F9ECEDCC-B714-4199-A591-F4FB737BFFE4}.Debug|ARM.Deploy.0 = Debug|ARM
		{F9ECEDCC-B714-4199-A591-F4FB737BFFE4}.Debug|iPhone.ActiveCfg = Debug|Any CPU
		{F9ECEDCC-B714-4199-A591-F4FB737BFFE4}.Debug|iPhoneSimulator.ActiveCfg = Debug|Any CPU
		{F9ECEDCC-B714-4199-A591-F4FB737BFFE4}.Debug|iPhoneSimulator.Build.0 = Debug|Any CPU
		{F9ECEDCC-B714-4199-A591-F4FB737BFFE4}.Debug|iPhoneSimulator.Deploy.0 = Debug|Any CPU
		{F9ECEDCC-B714-4199-A591-F4FB737BFFE4}.Debug|x64.ActiveCfg = Debug|Any CPU
		{F9ECEDCC-B714-4199-A591-F4FB737BFFE4}.Debug|x64.Build.0 = Debug|Any CPU
		{F9ECEDCC-B714-4199-A591-F4FB737BFFE4}.Debug|x64.Deploy.0 = Debug|Any CPU
		{F9ECEDCC-B714-4199-A591-F4FB737BFFE4}.Debug|x86.ActiveCfg = Debug|x86
		{F9ECEDCC-B714-4199-A591-F4FB737BFFE4}.Debug|x86.Build.0 = Debug|x86
		{F9ECEDCC-B714-4199-A591-F4FB737BFFE4}.Debug|x86.Deploy.0 = Debug|x86
		{F9ECEDCC-B714-4199-A591-F4FB737BFFE4}.Release|Any CPU.ActiveCfg = Release|Any CPU
		{F9ECEDCC-B714-4199-A591-F4FB737BFFE4}.Release|Any CPU.Build.0 = Release|Any CPU
		{F9ECEDCC-B714-4199-A591-F4FB737BFFE4}.Release|Any CPU.Deploy.0 = Release|Any CPU
		{F9ECEDCC-B714-4199-A591-F4FB737BFFE4}.Release|ARM.ActiveCfg = Release|ARM
		{F9ECEDCC-B714-4199-A591-F4FB737BFFE4}.Release|ARM.Build.0 = Release|ARM
		{F9ECEDCC-B714-4199-A591-F4FB737BFFE4}.Release|ARM.Deploy.0 = Release|ARM
		{F9ECEDCC-B714-4199-A591-F4FB737BFFE4}.Release|iPhone.ActiveCfg = Release|Any CPU
		{F9ECEDCC-B714-4199-A591-F4FB737BFFE4}.Release|iPhone.Build.0 = Release|Any CPU
		{F9ECEDCC-B714-4199-A591-F4FB737BFFE4}.Release|iPhone.Deploy.0 = Release|Any CPU
		{F9ECEDCC-B714-4199-A591-F4FB737BFFE4}.Release|iPhoneSimulator.ActiveCfg = Release|Any CPU
		{F9ECEDCC-B714-4199-A591-F4FB737BFFE4}.Release|iPhoneSimulator.Build.0 = Release|Any CPU
		{F9ECEDCC-B714-4199-A591-F4FB737BFFE4}.Release|iPhoneSimulator.Deploy.0 = Release|Any CPU
		{F9ECEDCC-B714-4199-A591-F4FB737BFFE4}.Release|x64.ActiveCfg = Release|Any CPU
		{F9ECEDCC-B714-4199-A591-F4FB737BFFE4}.Release|x64.Build.0 = Release|Any CPU
		{F9ECEDCC-B714-4199-A591-F4FB737BFFE4}.Release|x64.Deploy.0 = Release|Any CPU
		{F9ECEDCC-B714-4199-A591-F4FB737BFFE4}.Release|x86.ActiveCfg = Release|x86
		{F9ECEDCC-B714-4199-A591-F4FB737BFFE4}.Release|x86.Build.0 = Release|x86
		{F9ECEDCC-B714-4199-A591-F4FB737BFFE4}.Release|x86.Deploy.0 = Release|x86
	EndGlobalSection
	GlobalSection(SolutionProperties) = preSolution
		HideSolutionNode = FALSE
	EndGlobalSection
	GlobalSection(NestedProjects) = preSolution
		{D4DDE3A5-C4AD-45A3-B9EC-A7595C2A068C} = {773D3DE9-3D8E-4849-8765-EC8B934D08D5}
	EndGlobalSection
EndGlobal
