
Microsoft Visual Studio Solution File, Format Version 12.00
# Visual Studio 14
VisualStudioVersion = 14.0.25420.1
MinimumVisualStudioVersion = 10.0.40219.1
Project("{FAE04EC0-301F-11D3-BF4B-00C04F79EFBC}") = "TestDrive2.Droid", "TestDrive2\TestDrive2.Droid\TestDrive2.Droid.csproj", "{4965324D-D404-42C0-9A90-495AF21AD81C}"
EndProject
Project("{FAE04EC0-301F-11D3-BF4B-00C04F79EFBC}") = "TestDrive2.iOS", "TestDrive2\TestDrive2.iOS\TestDrive2.iOS.csproj", "{699BAB8C-C2F5-4ED2-A67D-7E0015C6F355}"
EndProject
Project("{FAE04EC0-301F-11D3-BF4B-00C04F79EFBC}") = "TestDrive2.WinPhone", "TestDrive2\TestDrive2.WinPhone\TestDrive2.WinPhone.csproj", "{60148549-3F0B-4D4B-8B36-9981A5574BAF}"
EndProject
Project("{FAE04EC0-301F-11D3-BF4B-00C04F79EFBC}") = "TestDrive2.UWP", "TestDrive2\TestDrive2.UWP\TestDrive2.UWP.csproj", "{11BA6073-7E2B-4D78-8D6E-8F8E25C4C487}"
EndProject
Project("{FAE04EC0-301F-11D3-BF4B-00C04F79EFBC}") = "TestDrive2.Windows", "TestDrive2\TestDrive2.Windows\TestDrive2.Windows.csproj", "{2F8A7005-E7C2-44E1-9353-BC7186A5817E}"
EndProject
Project("{FAE04EC0-301F-11D3-BF4B-00C04F79EFBC}") = "TestDrive2.Aula1", "TestDrive2\TestDrive2.Aula1\TestDrive2.Aula1.csproj", "{BCF6F09E-F92A-4ECB-B935-756EE2834F88}"
EndProject
Global
	GlobalSection(SolutionConfigurationPlatforms) = preSolution
		Ad-Hoc|Any CPU = Ad-Hoc|Any CPU
		Ad-Hoc|ARM = Ad-Hoc|ARM
		Ad-Hoc|iPhone = Ad-Hoc|iPhone
		Ad-Hoc|iPhoneSimulator = Ad-Hoc|iPhoneSimulator
		Ad-Hoc|x64 = Ad-Hoc|x64
		Ad-Hoc|x86 = Ad-Hoc|x86
		AppStore|Any CPU = AppStore|Any CPU
		AppStore|ARM = AppStore|ARM
		AppStore|iPhone = AppStore|iPhone
		AppStore|iPhoneSimulator = AppStore|iPhoneSimulator
		AppStore|x64 = AppStore|x64
		AppStore|x86 = AppStore|x86
		Debug|Any CPU = Debug|Any CPU
		Debug|ARM = Debug|ARM
		Debug|iPhone = Debug|iPhone
		Debug|iPhoneSimulator = Debug|iPhoneSimulator
		Debug|x64 = Debug|x64
		Debug|x86 = Debug|x86
		Release|Any CPU = Release|Any CPU
		Release|ARM = Release|ARM
		Release|iPhone = Release|iPhone
		Release|iPhoneSimulator = Release|iPhoneSimulator
		Release|x64 = Release|x64
		Release|x86 = Release|x86
	EndGlobalSection
	GlobalSection(ProjectConfigurationPlatforms) = postSolution
		{4965324D-D404-42C0-9A90-495AF21AD81C}.Ad-Hoc|Any CPU.ActiveCfg = Release|Any CPU
		{4965324D-D404-42C0-9A90-495AF21AD81C}.Ad-Hoc|Any CPU.Build.0 = Release|Any CPU
		{4965324D-D404-42C0-9A90-495AF21AD81C}.Ad-Hoc|Any CPU.Deploy.0 = Release|Any CPU
		{4965324D-D404-42C0-9A90-495AF21AD81C}.Ad-Hoc|ARM.ActiveCfg = Release|Any CPU
		{4965324D-D404-42C0-9A90-495AF21AD81C}.Ad-Hoc|ARM.Build.0 = Release|Any CPU
		{4965324D-D404-42C0-9A90-495AF21AD81C}.Ad-Hoc|ARM.Deploy.0 = Release|Any CPU
		{4965324D-D404-42C0-9A90-495AF21AD81C}.Ad-Hoc|iPhone.ActiveCfg = Release|Any CPU
		{4965324D-D404-42C0-9A90-495AF21AD81C}.Ad-Hoc|iPhone.Build.0 = Release|Any CPU
		{4965324D-D404-42C0-9A90-495AF21AD81C}.Ad-Hoc|iPhone.Deploy.0 = Release|Any CPU
		{4965324D-D404-42C0-9A90-495AF21AD81C}.Ad-Hoc|iPhoneSimulator.ActiveCfg = Release|Any CPU
		{4965324D-D404-42C0-9A90-495AF21AD81C}.Ad-Hoc|iPhoneSimulator.Build.0 = Release|Any CPU
		{4965324D-D404-42C0-9A90-495AF21AD81C}.Ad-Hoc|iPhoneSimulator.Deploy.0 = Release|Any CPU
		{4965324D-D404-42C0-9A90-495AF21AD81C}.Ad-Hoc|x64.ActiveCfg = Release|Any CPU
		{4965324D-D404-42C0-9A90-495AF21AD81C}.Ad-Hoc|x64.Build.0 = Release|Any CPU
		{4965324D-D404-42C0-9A90-495AF21AD81C}.Ad-Hoc|x64.Deploy.0 = Release|Any CPU
		{4965324D-D404-42C0-9A90-495AF21AD81C}.Ad-Hoc|x86.ActiveCfg = Release|Any CPU
		{4965324D-D404-42C0-9A90-495AF21AD81C}.Ad-Hoc|x86.Build.0 = Release|Any CPU
		{4965324D-D404-42C0-9A90-495AF21AD81C}.Ad-Hoc|x86.Deploy.0 = Release|Any CPU
		{4965324D-D404-42C0-9A90-495AF21AD81C}.AppStore|Any CPU.ActiveCfg = Release|Any CPU
		{4965324D-D404-42C0-9A90-495AF21AD81C}.AppStore|Any CPU.Build.0 = Release|Any CPU
		{4965324D-D404-42C0-9A90-495AF21AD81C}.AppStore|Any CPU.Deploy.0 = Release|Any CPU
		{4965324D-D404-42C0-9A90-495AF21AD81C}.AppStore|ARM.ActiveCfg = Release|Any CPU
		{4965324D-D404-42C0-9A90-495AF21AD81C}.AppStore|ARM.Build.0 = Release|Any CPU
		{4965324D-D404-42C0-9A90-495AF21AD81C}.AppStore|ARM.Deploy.0 = Release|Any CPU
		{4965324D-D404-42C0-9A90-495AF21AD81C}.AppStore|iPhone.ActiveCfg = Release|Any CPU
		{4965324D-D404-42C0-9A90-495AF21AD81C}.AppStore|iPhone.Build.0 = Release|Any CPU
		{4965324D-D404-42C0-9A90-495AF21AD81C}.AppStore|iPhone.Deploy.0 = Release|Any CPU
		{4965324D-D404-42C0-9A90-495AF21AD81C}.AppStore|iPhoneSimulator.ActiveCfg = Release|Any CPU
		{4965324D-D404-42C0-9A90-495AF21AD81C}.AppStore|iPhoneSimulator.Build.0 = Release|Any CPU
		{4965324D-D404-42C0-9A90-495AF21AD81C}.AppStore|iPhoneSimulator.Deploy.0 = Release|Any CPU
		{4965324D-D404-42C0-9A90-495AF21AD81C}.AppStore|x64.ActiveCfg = Release|Any CPU
		{4965324D-D404-42C0-9A90-495AF21AD81C}.AppStore|x64.Build.0 = Release|Any CPU
		{4965324D-D404-42C0-9A90-495AF21AD81C}.AppStore|x64.Deploy.0 = Release|Any CPU
		{4965324D-D404-42C0-9A90-495AF21AD81C}.AppStore|x86.ActiveCfg = Release|Any CPU
		{4965324D-D404-42C0-9A90-495AF21AD81C}.AppStore|x86.Build.0 = Release|Any CPU
		{4965324D-D404-42C0-9A90-495AF21AD81C}.AppStore|x86.Deploy.0 = Release|Any CPU
		{4965324D-D404-42C0-9A90-495AF21AD81C}.Debug|Any CPU.ActiveCfg = Debug|Any CPU
		{4965324D-D404-42C0-9A90-495AF21AD81C}.Debug|Any CPU.Build.0 = Debug|Any CPU
		{4965324D-D404-42C0-9A90-495AF21AD81C}.Debug|Any CPU.Deploy.0 = Debug|Any CPU
		{4965324D-D404-42C0-9A90-495AF21AD81C}.Debug|ARM.ActiveCfg = Debug|Any CPU
		{4965324D-D404-42C0-9A90-495AF21AD81C}.Debug|ARM.Build.0 = Debug|Any CPU
		{4965324D-D404-42C0-9A90-495AF21AD81C}.Debug|ARM.Deploy.0 = Debug|Any CPU
		{4965324D-D404-42C0-9A90-495AF21AD81C}.Debug|iPhone.ActiveCfg = Debug|Any CPU
		{4965324D-D404-42C0-9A90-495AF21AD81C}.Debug|iPhone.Build.0 = Debug|Any CPU
		{4965324D-D404-42C0-9A90-495AF21AD81C}.Debug|iPhone.Deploy.0 = Debug|Any CPU
		{4965324D-D404-42C0-9A90-495AF21AD81C}.Debug|iPhoneSimulator.ActiveCfg = Debug|Any CPU
		{4965324D-D404-42C0-9A90-495AF21AD81C}.Debug|iPhoneSimulator.Build.0 = Debug|Any CPU
		{4965324D-D404-42C0-9A90-495AF21AD81C}.Debug|iPhoneSimulator.Deploy.0 = Debug|Any CPU
		{4965324D-D404-42C0-9A90-495AF21AD81C}.Debug|x64.ActiveCfg = Debug|Any CPU
		{4965324D-D404-42C0-9A90-495AF21AD81C}.Debug|x64.Build.0 = Debug|Any CPU
		{4965324D-D404-42C0-9A90-495AF21AD81C}.Debug|x64.Deploy.0 = Debug|Any CPU
		{4965324D-D404-42C0-9A90-495AF21AD81C}.Debug|x86.ActiveCfg = Debug|Any CPU
		{4965324D-D404-42C0-9A90-495AF21AD81C}.Debug|x86.Build.0 = Debug|Any CPU
		{4965324D-D404-42C0-9A90-495AF21AD81C}.Debug|x86.Deploy.0 = Debug|Any CPU
		{4965324D-D404-42C0-9A90-495AF21AD81C}.Release|Any CPU.ActiveCfg = Release|Any CPU
		{4965324D-D404-42C0-9A90-495AF21AD81C}.Release|Any CPU.Build.0 = Release|Any CPU
		{4965324D-D404-42C0-9A90-495AF21AD81C}.Release|Any CPU.Deploy.0 = Release|Any CPU
		{4965324D-D404-42C0-9A90-495AF21AD81C}.Release|ARM.ActiveCfg = Release|Any CPU
		{4965324D-D404-42C0-9A90-495AF21AD81C}.Release|ARM.Build.0 = Release|Any CPU
		{4965324D-D404-42C0-9A90-495AF21AD81C}.Release|ARM.Deploy.0 = Release|Any CPU
		{4965324D-D404-42C0-9A90-495AF21AD81C}.Release|iPhone.ActiveCfg = Release|Any CPU
		{4965324D-D404-42C0-9A90-495AF21AD81C}.Release|iPhone.Build.0 = Release|Any CPU
		{4965324D-D404-42C0-9A90-495AF21AD81C}.Release|iPhone.Deploy.0 = Release|Any CPU
		{4965324D-D404-42C0-9A90-495AF21AD81C}.Release|iPhoneSimulator.ActiveCfg = Release|Any CPU
		{4965324D-D404-42C0-9A90-495AF21AD81C}.Release|iPhoneSimulator.Build.0 = Release|Any CPU
		{4965324D-D404-42C0-9A90-495AF21AD81C}.Release|iPhoneSimulator.Deploy.0 = Release|Any CPU
		{4965324D-D404-42C0-9A90-495AF21AD81C}.Release|x64.ActiveCfg = Release|Any CPU
		{4965324D-D404-42C0-9A90-495AF21AD81C}.Release|x64.Build.0 = Release|Any CPU
		{4965324D-D404-42C0-9A90-495AF21AD81C}.Release|x64.Deploy.0 = Release|Any CPU
		{4965324D-D404-42C0-9A90-495AF21AD81C}.Release|x86.ActiveCfg = Release|Any CPU
		{4965324D-D404-42C0-9A90-495AF21AD81C}.Release|x86.Build.0 = Release|Any CPU
		{4965324D-D404-42C0-9A90-495AF21AD81C}.Release|x86.Deploy.0 = Release|Any CPU
		{699BAB8C-C2F5-4ED2-A67D-7E0015C6F355}.Ad-Hoc|Any CPU.ActiveCfg = Ad-Hoc|iPhone
		{699BAB8C-C2F5-4ED2-A67D-7E0015C6F355}.Ad-Hoc|ARM.ActiveCfg = Ad-Hoc|iPhone
		{699BAB8C-C2F5-4ED2-A67D-7E0015C6F355}.Ad-Hoc|iPhone.ActiveCfg = Ad-Hoc|iPhone
		{699BAB8C-C2F5-4ED2-A67D-7E0015C6F355}.Ad-Hoc|iPhone.Build.0 = Ad-Hoc|iPhone
		{699BAB8C-C2F5-4ED2-A67D-7E0015C6F355}.Ad-Hoc|iPhoneSimulator.ActiveCfg = Ad-Hoc|iPhoneSimulator
		{699BAB8C-C2F5-4ED2-A67D-7E0015C6F355}.Ad-Hoc|iPhoneSimulator.Build.0 = Ad-Hoc|iPhoneSimulator
		{699BAB8C-C2F5-4ED2-A67D-7E0015C6F355}.Ad-Hoc|x64.ActiveCfg = Ad-Hoc|iPhone
		{699BAB8C-C2F5-4ED2-A67D-7E0015C6F355}.Ad-Hoc|x86.ActiveCfg = Ad-Hoc|iPhone
		{699BAB8C-C2F5-4ED2-A67D-7E0015C6F355}.AppStore|Any CPU.ActiveCfg = AppStore|iPhone
		{699BAB8C-C2F5-4ED2-A67D-7E0015C6F355}.AppStore|ARM.ActiveCfg = AppStore|iPhone
		{699BAB8C-C2F5-4ED2-A67D-7E0015C6F355}.AppStore|iPhone.ActiveCfg = AppStore|iPhone
		{699BAB8C-C2F5-4ED2-A67D-7E0015C6F355}.AppStore|iPhone.Build.0 = AppStore|iPhone
		{699BAB8C-C2F5-4ED2-A67D-7E0015C6F355}.AppStore|iPhoneSimulator.ActiveCfg = AppStore|iPhoneSimulator
		{699BAB8C-C2F5-4ED2-A67D-7E0015C6F355}.AppStore|iPhoneSimulator.Build.0 = AppStore|iPhoneSimulator
		{699BAB8C-C2F5-4ED2-A67D-7E0015C6F355}.AppStore|x64.ActiveCfg = AppStore|iPhone
		{699BAB8C-C2F5-4ED2-A67D-7E0015C6F355}.AppStore|x86.ActiveCfg = AppStore|iPhone
		{699BAB8C-C2F5-4ED2-A67D-7E0015C6F355}.Debug|Any CPU.ActiveCfg = Debug|iPhone
		{699BAB8C-C2F5-4ED2-A67D-7E0015C6F355}.Debug|ARM.ActiveCfg = Debug|iPhone
		{699BAB8C-C2F5-4ED2-A67D-7E0015C6F355}.Debug|iPhone.ActiveCfg = Debug|iPhone
		{699BAB8C-C2F5-4ED2-A67D-7E0015C6F355}.Debug|iPhone.Build.0 = Debug|iPhone
		{699BAB8C-C2F5-4ED2-A67D-7E0015C6F355}.Debug|iPhoneSimulator.ActiveCfg = Debug|iPhoneSimulator
		{699BAB8C-C2F5-4ED2-A67D-7E0015C6F355}.Debug|iPhoneSimulator.Build.0 = Debug|iPhoneSimulator
		{699BAB8C-C2F5-4ED2-A67D-7E0015C6F355}.Debug|x64.ActiveCfg = Debug|iPhone
		{699BAB8C-C2F5-4ED2-A67D-7E0015C6F355}.Debug|x86.ActiveCfg = Debug|iPhone
		{699BAB8C-C2F5-4ED2-A67D-7E0015C6F355}.Release|Any CPU.ActiveCfg = Release|iPhone
		{699BAB8C-C2F5-4ED2-A67D-7E0015C6F355}.Release|ARM.ActiveCfg = Release|iPhone
		{699BAB8C-C2F5-4ED2-A67D-7E0015C6F355}.Release|iPhone.ActiveCfg = Release|iPhone
		{699BAB8C-C2F5-4ED2-A67D-7E0015C6F355}.Release|iPhone.Build.0 = Release|iPhone
		{699BAB8C-C2F5-4ED2-A67D-7E0015C6F355}.Release|iPhoneSimulator.ActiveCfg = Release|iPhoneSimulator
		{699BAB8C-C2F5-4ED2-A67D-7E0015C6F355}.Release|iPhoneSimulator.Build.0 = Release|iPhoneSimulator
		{699BAB8C-C2F5-4ED2-A67D-7E0015C6F355}.Release|x64.ActiveCfg = Release|iPhone
		{699BAB8C-C2F5-4ED2-A67D-7E0015C6F355}.Release|x86.ActiveCfg = Release|iPhone
		{60148549-3F0B-4D4B-8B36-9981A5574BAF}.Ad-Hoc|Any CPU.ActiveCfg = Release|Any CPU
		{60148549-3F0B-4D4B-8B36-9981A5574BAF}.Ad-Hoc|Any CPU.Build.0 = Release|Any CPU
		{60148549-3F0B-4D4B-8B36-9981A5574BAF}.Ad-Hoc|Any CPU.Deploy.0 = Release|Any CPU
		{60148549-3F0B-4D4B-8B36-9981A5574BAF}.Ad-Hoc|ARM.ActiveCfg = Release|ARM
		{60148549-3F0B-4D4B-8B36-9981A5574BAF}.Ad-Hoc|ARM.Build.0 = Release|ARM
		{60148549-3F0B-4D4B-8B36-9981A5574BAF}.Ad-Hoc|ARM.Deploy.0 = Release|ARM
		{60148549-3F0B-4D4B-8B36-9981A5574BAF}.Ad-Hoc|iPhone.ActiveCfg = Release|Any CPU
		{60148549-3F0B-4D4B-8B36-9981A5574BAF}.Ad-Hoc|iPhone.Build.0 = Release|Any CPU
		{60148549-3F0B-4D4B-8B36-9981A5574BAF}.Ad-Hoc|iPhone.Deploy.0 = Release|Any CPU
		{60148549-3F0B-4D4B-8B36-9981A5574BAF}.Ad-Hoc|iPhoneSimulator.ActiveCfg = Release|Any CPU
		{60148549-3F0B-4D4B-8B36-9981A5574BAF}.Ad-Hoc|iPhoneSimulator.Build.0 = Release|Any CPU
		{60148549-3F0B-4D4B-8B36-9981A5574BAF}.Ad-Hoc|iPhoneSimulator.Deploy.0 = Release|Any CPU
		{60148549-3F0B-4D4B-8B36-9981A5574BAF}.Ad-Hoc|x64.ActiveCfg = Release|Any CPU
		{60148549-3F0B-4D4B-8B36-9981A5574BAF}.Ad-Hoc|x64.Build.0 = Release|Any CPU
		{60148549-3F0B-4D4B-8B36-9981A5574BAF}.Ad-Hoc|x64.Deploy.0 = Release|Any CPU
		{60148549-3F0B-4D4B-8B36-9981A5574BAF}.Ad-Hoc|x86.ActiveCfg = Release|x86
		{60148549-3F0B-4D4B-8B36-9981A5574BAF}.Ad-Hoc|x86.Build.0 = Release|x86
		{60148549-3F0B-4D4B-8B36-9981A5574BAF}.Ad-Hoc|x86.Deploy.0 = Release|x86
		{60148549-3F0B-4D4B-8B36-9981A5574BAF}.AppStore|Any CPU.ActiveCfg = Release|Any CPU
		{60148549-3F0B-4D4B-8B36-9981A5574BAF}.AppStore|Any CPU.Build.0 = Release|Any CPU
		{60148549-3F0B-4D4B-8B36-9981A5574BAF}.AppStore|Any CPU.Deploy.0 = Release|Any CPU
		{60148549-3F0B-4D4B-8B36-9981A5574BAF}.AppStore|ARM.ActiveCfg = Release|ARM
		{60148549-3F0B-4D4B-8B36-9981A5574BAF}.AppStore|ARM.Build.0 = Release|ARM
		{60148549-3F0B-4D4B-8B36-9981A5574BAF}.AppStore|ARM.Deploy.0 = Release|ARM
		{60148549-3F0B-4D4B-8B36-9981A5574BAF}.AppStore|iPhone.ActiveCfg = Release|Any CPU
		{60148549-3F0B-4D4B-8B36-9981A5574BAF}.AppStore|iPhone.Build.0 = Release|Any CPU
		{60148549-3F0B-4D4B-8B36-9981A5574BAF}.AppStore|iPhone.Deploy.0 = Release|Any CPU
		{60148549-3F0B-4D4B-8B36-9981A5574BAF}.AppStore|iPhoneSimulator.ActiveCfg = Release|Any CPU
		{60148549-3F0B-4D4B-8B36-9981A5574BAF}.AppStore|iPhoneSimulator.Build.0 = Release|Any CPU
		{60148549-3F0B-4D4B-8B36-9981A5574BAF}.AppStore|iPhoneSimulator.Deploy.0 = Release|Any CPU
		{60148549-3F0B-4D4B-8B36-9981A5574BAF}.AppStore|x64.ActiveCfg = Release|Any CPU
		{60148549-3F0B-4D4B-8B36-9981A5574BAF}.AppStore|x64.Build.0 = Release|Any CPU
		{60148549-3F0B-4D4B-8B36-9981A5574BAF}.AppStore|x64.Deploy.0 = Release|Any CPU
		{60148549-3F0B-4D4B-8B36-9981A5574BAF}.AppStore|x86.ActiveCfg = Release|x86
		{60148549-3F0B-4D4B-8B36-9981A5574BAF}.AppStore|x86.Build.0 = Release|x86
		{60148549-3F0B-4D4B-8B36-9981A5574BAF}.AppStore|x86.Deploy.0 = Release|x86
		{60148549-3F0B-4D4B-8B36-9981A5574BAF}.Debug|Any CPU.ActiveCfg = Debug|Any CPU
		{60148549-3F0B-4D4B-8B36-9981A5574BAF}.Debug|Any CPU.Build.0 = Debug|Any CPU
		{60148549-3F0B-4D4B-8B36-9981A5574BAF}.Debug|Any CPU.Deploy.0 = Debug|Any CPU
		{60148549-3F0B-4D4B-8B36-9981A5574BAF}.Debug|ARM.ActiveCfg = Debug|ARM
		{60148549-3F0B-4D4B-8B36-9981A5574BAF}.Debug|ARM.Build.0 = Debug|ARM
		{60148549-3F0B-4D4B-8B36-9981A5574BAF}.Debug|ARM.Deploy.0 = Debug|ARM
		{60148549-3F0B-4D4B-8B36-9981A5574BAF}.Debug|iPhone.ActiveCfg = Debug|Any CPU
		{60148549-3F0B-4D4B-8B36-9981A5574BAF}.Debug|iPhone.Build.0 = Debug|Any CPU
		{60148549-3F0B-4D4B-8B36-9981A5574BAF}.Debug|iPhone.Deploy.0 = Debug|Any CPU
		{60148549-3F0B-4D4B-8B36-9981A5574BAF}.Debug|iPhoneSimulator.ActiveCfg = Debug|Any CPU
		{60148549-3F0B-4D4B-8B36-9981A5574BAF}.Debug|iPhoneSimulator.Build.0 = Debug|Any CPU
		{60148549-3F0B-4D4B-8B36-9981A5574BAF}.Debug|iPhoneSimulator.Deploy.0 = Debug|Any CPU
		{60148549-3F0B-4D4B-8B36-9981A5574BAF}.Debug|x64.ActiveCfg = Debug|Any CPU
		{60148549-3F0B-4D4B-8B36-9981A5574BAF}.Debug|x64.Build.0 = Debug|Any CPU
		{60148549-3F0B-4D4B-8B36-9981A5574BAF}.Debug|x64.Deploy.0 = Debug|Any CPU
		{60148549-3F0B-4D4B-8B36-9981A5574BAF}.Debug|x86.ActiveCfg = Debug|x86
		{60148549-3F0B-4D4B-8B36-9981A5574BAF}.Debug|x86.Build.0 = Debug|x86
		{60148549-3F0B-4D4B-8B36-9981A5574BAF}.Debug|x86.Deploy.0 = Debug|x86
		{60148549-3F0B-4D4B-8B36-9981A5574BAF}.Release|Any CPU.ActiveCfg = Release|Any CPU
		{60148549-3F0B-4D4B-8B36-9981A5574BAF}.Release|Any CPU.Build.0 = Release|Any CPU
		{60148549-3F0B-4D4B-8B36-9981A5574BAF}.Release|Any CPU.Deploy.0 = Release|Any CPU
		{60148549-3F0B-4D4B-8B36-9981A5574BAF}.Release|ARM.ActiveCfg = Release|ARM
		{60148549-3F0B-4D4B-8B36-9981A5574BAF}.Release|ARM.Build.0 = Release|ARM
		{60148549-3F0B-4D4B-8B36-9981A5574BAF}.Release|ARM.Deploy.0 = Release|ARM
		{60148549-3F0B-4D4B-8B36-9981A5574BAF}.Release|iPhone.ActiveCfg = Release|Any CPU
		{60148549-3F0B-4D4B-8B36-9981A5574BAF}.Release|iPhone.Build.0 = Release|Any CPU
		{60148549-3F0B-4D4B-8B36-9981A5574BAF}.Release|iPhone.Deploy.0 = Release|Any CPU
		{60148549-3F0B-4D4B-8B36-9981A5574BAF}.Release|iPhoneSimulator.ActiveCfg = Release|Any CPU
		{60148549-3F0B-4D4B-8B36-9981A5574BAF}.Release|iPhoneSimulator.Build.0 = Release|Any CPU
		{60148549-3F0B-4D4B-8B36-9981A5574BAF}.Release|iPhoneSimulator.Deploy.0 = Release|Any CPU
		{60148549-3F0B-4D4B-8B36-9981A5574BAF}.Release|x64.ActiveCfg = Release|Any CPU
		{60148549-3F0B-4D4B-8B36-9981A5574BAF}.Release|x64.Build.0 = Release|Any CPU
		{60148549-3F0B-4D4B-8B36-9981A5574BAF}.Release|x64.Deploy.0 = Release|Any CPU
		{60148549-3F0B-4D4B-8B36-9981A5574BAF}.Release|x86.ActiveCfg = Release|x86
		{60148549-3F0B-4D4B-8B36-9981A5574BAF}.Release|x86.Build.0 = Release|x86
		{60148549-3F0B-4D4B-8B36-9981A5574BAF}.Release|x86.Deploy.0 = Release|x86
		{11BA6073-7E2B-4D78-8D6E-8F8E25C4C487}.Ad-Hoc|Any CPU.ActiveCfg = Release|x86
		{11BA6073-7E2B-4D78-8D6E-8F8E25C4C487}.Ad-Hoc|Any CPU.Build.0 = Release|x86
		{11BA6073-7E2B-4D78-8D6E-8F8E25C4C487}.Ad-Hoc|Any CPU.Deploy.0 = Release|x86
		{11BA6073-7E2B-4D78-8D6E-8F8E25C4C487}.Ad-Hoc|ARM.ActiveCfg = Release|ARM
		{11BA6073-7E2B-4D78-8D6E-8F8E25C4C487}.Ad-Hoc|ARM.Build.0 = Release|ARM
		{11BA6073-7E2B-4D78-8D6E-8F8E25C4C487}.Ad-Hoc|ARM.Deploy.0 = Release|ARM
		{11BA6073-7E2B-4D78-8D6E-8F8E25C4C487}.Ad-Hoc|iPhone.ActiveCfg = Release|x86
		{11BA6073-7E2B-4D78-8D6E-8F8E25C4C487}.Ad-Hoc|iPhone.Build.0 = Release|x86
		{11BA6073-7E2B-4D78-8D6E-8F8E25C4C487}.Ad-Hoc|iPhone.Deploy.0 = Release|x86
		{11BA6073-7E2B-4D78-8D6E-8F8E25C4C487}.Ad-Hoc|iPhoneSimulator.ActiveCfg = Release|x86
		{11BA6073-7E2B-4D78-8D6E-8F8E25C4C487}.Ad-Hoc|iPhoneSimulator.Build.0 = Release|x86
		{11BA6073-7E2B-4D78-8D6E-8F8E25C4C487}.Ad-Hoc|iPhoneSimulator.Deploy.0 = Release|x86
		{11BA6073-7E2B-4D78-8D6E-8F8E25C4C487}.Ad-Hoc|x64.ActiveCfg = Release|x64
		{11BA6073-7E2B-4D78-8D6E-8F8E25C4C487}.Ad-Hoc|x64.Build.0 = Release|x64
		{11BA6073-7E2B-4D78-8D6E-8F8E25C4C487}.Ad-Hoc|x64.Deploy.0 = Release|x64
		{11BA6073-7E2B-4D78-8D6E-8F8E25C4C487}.Ad-Hoc|x86.ActiveCfg = Release|x86
		{11BA6073-7E2B-4D78-8D6E-8F8E25C4C487}.Ad-Hoc|x86.Build.0 = Release|x86
		{11BA6073-7E2B-4D78-8D6E-8F8E25C4C487}.Ad-Hoc|x86.Deploy.0 = Release|x86
		{11BA6073-7E2B-4D78-8D6E-8F8E25C4C487}.AppStore|Any CPU.ActiveCfg = Release|x86
		{11BA6073-7E2B-4D78-8D6E-8F8E25C4C487}.AppStore|Any CPU.Build.0 = Release|x86
		{11BA6073-7E2B-4D78-8D6E-8F8E25C4C487}.AppStore|Any CPU.Deploy.0 = Release|x86
		{11BA6073-7E2B-4D78-8D6E-8F8E25C4C487}.AppStore|ARM.ActiveCfg = Release|ARM
		{11BA6073-7E2B-4D78-8D6E-8F8E25C4C487}.AppStore|ARM.Build.0 = Release|ARM
		{11BA6073-7E2B-4D78-8D6E-8F8E25C4C487}.AppStore|ARM.Deploy.0 = Release|ARM
		{11BA6073-7E2B-4D78-8D6E-8F8E25C4C487}.AppStore|iPhone.ActiveCfg = Release|x86
		{11BA6073-7E2B-4D78-8D6E-8F8E25C4C487}.AppStore|iPhone.Build.0 = Release|x86
		{11BA6073-7E2B-4D78-8D6E-8F8E25C4C487}.AppStore|iPhone.Deploy.0 = Release|x86
		{11BA6073-7E2B-4D78-8D6E-8F8E25C4C487}.AppStore|iPhoneSimulator.ActiveCfg = Release|x86
		{11BA6073-7E2B-4D78-8D6E-8F8E25C4C487}.AppStore|iPhoneSimulator.Build.0 = Release|x86
		{11BA6073-7E2B-4D78-8D6E-8F8E25C4C487}.AppStore|iPhoneSimulator.Deploy.0 = Release|x86
		{11BA6073-7E2B-4D78-8D6E-8F8E25C4C487}.AppStore|x64.ActiveCfg = Release|x64
		{11BA6073-7E2B-4D78-8D6E-8F8E25C4C487}.AppStore|x64.Build.0 = Release|x64
		{11BA6073-7E2B-4D78-8D6E-8F8E25C4C487}.AppStore|x64.Deploy.0 = Release|x64
		{11BA6073-7E2B-4D78-8D6E-8F8E25C4C487}.AppStore|x86.ActiveCfg = Release|x86
		{11BA6073-7E2B-4D78-8D6E-8F8E25C4C487}.AppStore|x86.Build.0 = Release|x86
		{11BA6073-7E2B-4D78-8D6E-8F8E25C4C487}.AppStore|x86.Deploy.0 = Release|x86
		{11BA6073-7E2B-4D78-8D6E-8F8E25C4C487}.Debug|Any CPU.ActiveCfg = Debug|x86
		{11BA6073-7E2B-4D78-8D6E-8F8E25C4C487}.Debug|ARM.ActiveCfg = Debug|ARM
		{11BA6073-7E2B-4D78-8D6E-8F8E25C4C487}.Debug|ARM.Build.0 = Debug|ARM
		{11BA6073-7E2B-4D78-8D6E-8F8E25C4C487}.Debug|ARM.Deploy.0 = Debug|ARM
		{11BA6073-7E2B-4D78-8D6E-8F8E25C4C487}.Debug|iPhone.ActiveCfg = Debug|x86
		{11BA6073-7E2B-4D78-8D6E-8F8E25C4C487}.Debug|iPhoneSimulator.ActiveCfg = Debug|x86
		{11BA6073-7E2B-4D78-8D6E-8F8E25C4C487}.Debug|x64.ActiveCfg = Debug|x64
		{11BA6073-7E2B-4D78-8D6E-8F8E25C4C487}.Debug|x64.Build.0 = Debug|x64
		{11BA6073-7E2B-4D78-8D6E-8F8E25C4C487}.Debug|x64.Deploy.0 = Debug|x64
		{11BA6073-7E2B-4D78-8D6E-8F8E25C4C487}.Debug|x86.ActiveCfg = Debug|x86
		{11BA6073-7E2B-4D78-8D6E-8F8E25C4C487}.Debug|x86.Build.0 = Debug|x86
		{11BA6073-7E2B-4D78-8D6E-8F8E25C4C487}.Debug|x86.Deploy.0 = Debug|x86
		{11BA6073-7E2B-4D78-8D6E-8F8E25C4C487}.Release|Any CPU.ActiveCfg = Release|x86
		{11BA6073-7E2B-4D78-8D6E-8F8E25C4C487}.Release|ARM.ActiveCfg = Release|ARM
		{11BA6073-7E2B-4D78-8D6E-8F8E25C4C487}.Release|ARM.Build.0 = Release|ARM
		{11BA6073-7E2B-4D78-8D6E-8F8E25C4C487}.Release|ARM.Deploy.0 = Release|ARM
		{11BA6073-7E2B-4D78-8D6E-8F8E25C4C487}.Release|iPhone.ActiveCfg = Release|x86
		{11BA6073-7E2B-4D78-8D6E-8F8E25C4C487}.Release|iPhoneSimulator.ActiveCfg = Release|x86
		{11BA6073-7E2B-4D78-8D6E-8F8E25C4C487}.Release|x64.ActiveCfg = Release|x64
		{11BA6073-7E2B-4D78-8D6E-8F8E25C4C487}.Release|x64.Build.0 = Release|x64
		{11BA6073-7E2B-4D78-8D6E-8F8E25C4C487}.Release|x64.Deploy.0 = Release|x64
		{11BA6073-7E2B-4D78-8D6E-8F8E25C4C487}.Release|x86.ActiveCfg = Release|x86
		{11BA6073-7E2B-4D78-8D6E-8F8E25C4C487}.Release|x86.Build.0 = Release|x86
		{11BA6073-7E2B-4D78-8D6E-8F8E25C4C487}.Release|x86.Deploy.0 = Release|x86
		{2F8A7005-E7C2-44E1-9353-BC7186A5817E}.Ad-Hoc|Any CPU.ActiveCfg = Release|Any CPU
		{2F8A7005-E7C2-44E1-9353-BC7186A5817E}.Ad-Hoc|Any CPU.Build.0 = Release|Any CPU
		{2F8A7005-E7C2-44E1-9353-BC7186A5817E}.Ad-Hoc|Any CPU.Deploy.0 = Release|Any CPU
		{2F8A7005-E7C2-44E1-9353-BC7186A5817E}.Ad-Hoc|ARM.ActiveCfg = Release|ARM
		{2F8A7005-E7C2-44E1-9353-BC7186A5817E}.Ad-Hoc|ARM.Build.0 = Release|ARM
		{2F8A7005-E7C2-44E1-9353-BC7186A5817E}.Ad-Hoc|ARM.Deploy.0 = Release|ARM
		{2F8A7005-E7C2-44E1-9353-BC7186A5817E}.Ad-Hoc|iPhone.ActiveCfg = Release|Any CPU
		{2F8A7005-E7C2-44E1-9353-BC7186A5817E}.Ad-Hoc|iPhone.Build.0 = Release|Any CPU
		{2F8A7005-E7C2-44E1-9353-BC7186A5817E}.Ad-Hoc|iPhone.Deploy.0 = Release|Any CPU
		{2F8A7005-E7C2-44E1-9353-BC7186A5817E}.Ad-Hoc|iPhoneSimulator.ActiveCfg = Release|Any CPU
		{2F8A7005-E7C2-44E1-9353-BC7186A5817E}.Ad-Hoc|iPhoneSimulator.Build.0 = Release|Any CPU
		{2F8A7005-E7C2-44E1-9353-BC7186A5817E}.Ad-Hoc|iPhoneSimulator.Deploy.0 = Release|Any CPU
		{2F8A7005-E7C2-44E1-9353-BC7186A5817E}.Ad-Hoc|x64.ActiveCfg = Release|x64
		{2F8A7005-E7C2-44E1-9353-BC7186A5817E}.Ad-Hoc|x64.Build.0 = Release|x64
		{2F8A7005-E7C2-44E1-9353-BC7186A5817E}.Ad-Hoc|x64.Deploy.0 = Release|x64
		{2F8A7005-E7C2-44E1-9353-BC7186A5817E}.Ad-Hoc|x86.ActiveCfg = Release|x86
		{2F8A7005-E7C2-44E1-9353-BC7186A5817E}.Ad-Hoc|x86.Build.0 = Release|x86
		{2F8A7005-E7C2-44E1-9353-BC7186A5817E}.Ad-Hoc|x86.Deploy.0 = Release|x86
		{2F8A7005-E7C2-44E1-9353-BC7186A5817E}.AppStore|Any CPU.ActiveCfg = Release|Any CPU
		{2F8A7005-E7C2-44E1-9353-BC7186A5817E}.AppStore|Any CPU.Build.0 = Release|Any CPU
		{2F8A7005-E7C2-44E1-9353-BC7186A5817E}.AppStore|Any CPU.Deploy.0 = Release|Any CPU
		{2F8A7005-E7C2-44E1-9353-BC7186A5817E}.AppStore|ARM.ActiveCfg = Release|ARM
		{2F8A7005-E7C2-44E1-9353-BC7186A5817E}.AppStore|ARM.Build.0 = Release|ARM
		{2F8A7005-E7C2-44E1-9353-BC7186A5817E}.AppStore|ARM.Deploy.0 = Release|ARM
		{2F8A7005-E7C2-44E1-9353-BC7186A5817E}.AppStore|iPhone.ActiveCfg = Release|Any CPU
		{2F8A7005-E7C2-44E1-9353-BC7186A5817E}.AppStore|iPhone.Build.0 = Release|Any CPU
		{2F8A7005-E7C2-44E1-9353-BC7186A5817E}.AppStore|iPhone.Deploy.0 = Release|Any CPU
		{2F8A7005-E7C2-44E1-9353-BC7186A5817E}.AppStore|iPhoneSimulator.ActiveCfg = Release|Any CPU
		{2F8A7005-E7C2-44E1-9353-BC7186A5817E}.AppStore|iPhoneSimulator.Build.0 = Release|Any CPU
		{2F8A7005-E7C2-44E1-9353-BC7186A5817E}.AppStore|iPhoneSimulator.Deploy.0 = Release|Any CPU
		{2F8A7005-E7C2-44E1-9353-BC7186A5817E}.AppStore|x64.ActiveCfg = Release|x64
		{2F8A7005-E7C2-44E1-9353-BC7186A5817E}.AppStore|x64.Build.0 = Release|x64
		{2F8A7005-E7C2-44E1-9353-BC7186A5817E}.AppStore|x64.Deploy.0 = Release|x64
		{2F8A7005-E7C2-44E1-9353-BC7186A5817E}.AppStore|x86.ActiveCfg = Release|x86
		{2F8A7005-E7C2-44E1-9353-BC7186A5817E}.AppStore|x86.Build.0 = Release|x86
		{2F8A7005-E7C2-44E1-9353-BC7186A5817E}.AppStore|x86.Deploy.0 = Release|x86
		{2F8A7005-E7C2-44E1-9353-BC7186A5817E}.Debug|Any CPU.ActiveCfg = Debug|Any CPU
		{2F8A7005-E7C2-44E1-9353-BC7186A5817E}.Debug|ARM.ActiveCfg = Debug|ARM
		{2F8A7005-E7C2-44E1-9353-BC7186A5817E}.Debug|ARM.Build.0 = Debug|ARM
		{2F8A7005-E7C2-44E1-9353-BC7186A5817E}.Debug|ARM.Deploy.0 = Debug|ARM
		{2F8A7005-E7C2-44E1-9353-BC7186A5817E}.Debug|iPhone.ActiveCfg = Debug|Any CPU
		{2F8A7005-E7C2-44E1-9353-BC7186A5817E}.Debug|iPhone.Build.0 = Debug|Any CPU
		{2F8A7005-E7C2-44E1-9353-BC7186A5817E}.Debug|iPhone.Deploy.0 = Debug|Any CPU
		{2F8A7005-E7C2-44E1-9353-BC7186A5817E}.Debug|iPhoneSimulator.ActiveCfg = Debug|Any CPU
		{2F8A7005-E7C2-44E1-9353-BC7186A5817E}.Debug|iPhoneSimulator.Build.0 = Debug|Any CPU
		{2F8A7005-E7C2-44E1-9353-BC7186A5817E}.Debug|iPhoneSimulator.Deploy.0 = Debug|Any CPU
		{2F8A7005-E7C2-44E1-9353-BC7186A5817E}.Debug|x64.ActiveCfg = Debug|x64
		{2F8A7005-E7C2-44E1-9353-BC7186A5817E}.Debug|x64.Build.0 = Debug|x64
		{2F8A7005-E7C2-44E1-9353-BC7186A5817E}.Debug|x64.Deploy.0 = Debug|x64
		{2F8A7005-E7C2-44E1-9353-BC7186A5817E}.Debug|x86.ActiveCfg = Debug|x86
		{2F8A7005-E7C2-44E1-9353-BC7186A5817E}.Debug|x86.Build.0 = Debug|x86
		{2F8A7005-E7C2-44E1-9353-BC7186A5817E}.Debug|x86.Deploy.0 = Debug|x86
		{2F8A7005-E7C2-44E1-9353-BC7186A5817E}.Release|Any CPU.ActiveCfg = Release|Any CPU
		{2F8A7005-E7C2-44E1-9353-BC7186A5817E}.Release|Any CPU.Build.0 = Release|Any CPU
		{2F8A7005-E7C2-44E1-9353-BC7186A5817E}.Release|Any CPU.Deploy.0 = Release|Any CPU
		{2F8A7005-E7C2-44E1-9353-BC7186A5817E}.Release|ARM.ActiveCfg = Release|ARM
		{2F8A7005-E7C2-44E1-9353-BC7186A5817E}.Release|ARM.Build.0 = Release|ARM
		{2F8A7005-E7C2-44E1-9353-BC7186A5817E}.Release|ARM.Deploy.0 = Release|ARM
		{2F8A7005-E7C2-44E1-9353-BC7186A5817E}.Release|iPhone.ActiveCfg = Release|Any CPU
		{2F8A7005-E7C2-44E1-9353-BC7186A5817E}.Release|iPhone.Build.0 = Release|Any CPU
		{2F8A7005-E7C2-44E1-9353-BC7186A5817E}.Release|iPhone.Deploy.0 = Release|Any CPU
		{2F8A7005-E7C2-44E1-9353-BC7186A5817E}.Release|iPhoneSimulator.ActiveCfg = Release|Any CPU
		{2F8A7005-E7C2-44E1-9353-BC7186A5817E}.Release|iPhoneSimulator.Build.0 = Release|Any CPU
		{2F8A7005-E7C2-44E1-9353-BC7186A5817E}.Release|iPhoneSimulator.Deploy.0 = Release|Any CPU
		{2F8A7005-E7C2-44E1-9353-BC7186A5817E}.Release|x64.ActiveCfg = Release|x64
		{2F8A7005-E7C2-44E1-9353-BC7186A5817E}.Release|x64.Build.0 = Release|x64
		{2F8A7005-E7C2-44E1-9353-BC7186A5817E}.Release|x64.Deploy.0 = Release|x64
		{2F8A7005-E7C2-44E1-9353-BC7186A5817E}.Release|x86.ActiveCfg = Release|x86
		{2F8A7005-E7C2-44E1-9353-BC7186A5817E}.Release|x86.Build.0 = Release|x86
		{2F8A7005-E7C2-44E1-9353-BC7186A5817E}.Release|x86.Deploy.0 = Release|x86
		{BCF6F09E-F92A-4ECB-B935-756EE2834F88}.Ad-Hoc|Any CPU.ActiveCfg = Release|Any CPU
		{BCF6F09E-F92A-4ECB-B935-756EE2834F88}.Ad-Hoc|Any CPU.Build.0 = Release|Any CPU
		{BCF6F09E-F92A-4ECB-B935-756EE2834F88}.Ad-Hoc|ARM.ActiveCfg = Release|Any CPU
		{BCF6F09E-F92A-4ECB-B935-756EE2834F88}.Ad-Hoc|ARM.Build.0 = Release|Any CPU
		{BCF6F09E-F92A-4ECB-B935-756EE2834F88}.Ad-Hoc|iPhone.ActiveCfg = Release|Any CPU
		{BCF6F09E-F92A-4ECB-B935-756EE2834F88}.Ad-Hoc|iPhone.Build.0 = Release|Any CPU
		{BCF6F09E-F92A-4ECB-B935-756EE2834F88}.Ad-Hoc|iPhoneSimulator.ActiveCfg = Release|Any CPU
		{BCF6F09E-F92A-4ECB-B935-756EE2834F88}.Ad-Hoc|iPhoneSimulator.Build.0 = Release|Any CPU
		{BCF6F09E-F92A-4ECB-B935-756EE2834F88}.Ad-Hoc|x64.ActiveCfg = Release|Any CPU
		{BCF6F09E-F92A-4ECB-B935-756EE2834F88}.Ad-Hoc|x64.Build.0 = Release|Any CPU
		{BCF6F09E-F92A-4ECB-B935-756EE2834F88}.Ad-Hoc|x86.ActiveCfg = Release|Any CPU
		{BCF6F09E-F92A-4ECB-B935-756EE2834F88}.Ad-Hoc|x86.Build.0 = Release|Any CPU
		{BCF6F09E-F92A-4ECB-B935-756EE2834F88}.AppStore|Any CPU.ActiveCfg = Release|Any CPU
		{BCF6F09E-F92A-4ECB-B935-756EE2834F88}.AppStore|Any CPU.Build.0 = Release|Any CPU
		{BCF6F09E-F92A-4ECB-B935-756EE2834F88}.AppStore|ARM.ActiveCfg = Release|Any CPU
		{BCF6F09E-F92A-4ECB-B935-756EE2834F88}.AppStore|ARM.Build.0 = Release|Any CPU
		{BCF6F09E-F92A-4ECB-B935-756EE2834F88}.AppStore|iPhone.ActiveCfg = Release|Any CPU
		{BCF6F09E-F92A-4ECB-B935-756EE2834F88}.AppStore|iPhone.Build.0 = Release|Any CPU
		{BCF6F09E-F92A-4ECB-B935-756EE2834F88}.AppStore|iPhoneSimulator.ActiveCfg = Release|Any CPU
		{BCF6F09E-F92A-4ECB-B935-756EE2834F88}.AppStore|iPhoneSimulator.Build.0 = Release|Any CPU
		{BCF6F09E-F92A-4ECB-B935-756EE2834F88}.AppStore|x64.ActiveCfg = Release|Any CPU
		{BCF6F09E-F92A-4ECB-B935-756EE2834F88}.AppStore|x64.Build.0 = Release|Any CPU
		{BCF6F09E-F92A-4ECB-B935-756EE2834F88}.AppStore|x86.ActiveCfg = Release|Any CPU
		{BCF6F09E-F92A-4ECB-B935-756EE2834F88}.AppStore|x86.Build.0 = Release|Any CPU
		{BCF6F09E-F92A-4ECB-B935-756EE2834F88}.Debug|Any CPU.ActiveCfg = Debug|Any CPU
		{BCF6F09E-F92A-4ECB-B935-756EE2834F88}.Debug|Any CPU.Build.0 = Debug|Any CPU
		{BCF6F09E-F92A-4ECB-B935-756EE2834F88}.Debug|ARM.ActiveCfg = Debug|Any CPU
		{BCF6F09E-F92A-4ECB-B935-756EE2834F88}.Debug|ARM.Build.0 = Debug|Any CPU
		{BCF6F09E-F92A-4ECB-B935-756EE2834F88}.Debug|iPhone.ActiveCfg = Debug|Any CPU
		{BCF6F09E-F92A-4ECB-B935-756EE2834F88}.Debug|iPhone.Build.0 = Debug|Any CPU
		{BCF6F09E-F92A-4ECB-B935-756EE2834F88}.Debug|iPhoneSimulator.ActiveCfg = Debug|Any CPU
		{BCF6F09E-F92A-4ECB-B935-756EE2834F88}.Debug|iPhoneSimulator.Build.0 = Debug|Any CPU
		{BCF6F09E-F92A-4ECB-B935-756EE2834F88}.Debug|x64.ActiveCfg = Debug|Any CPU
		{BCF6F09E-F92A-4ECB-B935-756EE2834F88}.Debug|x64.Build.0 = Debug|Any CPU
		{BCF6F09E-F92A-4ECB-B935-756EE2834F88}.Debug|x86.ActiveCfg = Debug|Any CPU
		{BCF6F09E-F92A-4ECB-B935-756EE2834F88}.Debug|x86.Build.0 = Debug|Any CPU
		{BCF6F09E-F92A-4ECB-B935-756EE2834F88}.Release|Any CPU.ActiveCfg = Release|Any CPU
		{BCF6F09E-F92A-4ECB-B935-756EE2834F88}.Release|Any CPU.Build.0 = Release|Any CPU
		{BCF6F09E-F92A-4ECB-B935-756EE2834F88}.Release|ARM.ActiveCfg = Release|Any CPU
		{BCF6F09E-F92A-4ECB-B935-756EE2834F88}.Release|ARM.Build.0 = Release|Any CPU
		{BCF6F09E-F92A-4ECB-B935-756EE2834F88}.Release|iPhone.ActiveCfg = Release|Any CPU
		{BCF6F09E-F92A-4ECB-B935-756EE2834F88}.Release|iPhone.Build.0 = Release|Any CPU
		{BCF6F09E-F92A-4ECB-B935-756EE2834F88}.Release|iPhoneSimulator.ActiveCfg = Release|Any CPU
		{BCF6F09E-F92A-4ECB-B935-756EE2834F88}.Release|iPhoneSimulator.Build.0 = Release|Any CPU
		{BCF6F09E-F92A-4ECB-B935-756EE2834F88}.Release|x64.ActiveCfg = Release|Any CPU
		{BCF6F09E-F92A-4ECB-B935-756EE2834F88}.Release|x64.Build.0 = Release|Any CPU
		{BCF6F09E-F92A-4ECB-B935-756EE2834F88}.Release|x86.ActiveCfg = Release|Any CPU
		{BCF6F09E-F92A-4ECB-B935-756EE2834F88}.Release|x86.Build.0 = Release|Any CPU
	EndGlobalSection
	GlobalSection(SolutionProperties) = preSolution
		HideSolutionNode = FALSE
	EndGlobalSection
EndGlobal
