
Microsoft Visual Studio Solution File, Format Version 12.00
# Visual Studio 14
VisualStudioVersion = 14.0.25420.1
MinimumVisualStudioVersion = 10.0.40219.1
Project("{FAE04EC0-301F-11D3-BF4B-00C04F79EFBC}") = "TestDrive2.Droid", "TestDrive2\TestDrive2.Droid\TestDrive2.Droid.csproj", "{4965324D-D404-42C0-9A90-495AF21AD81C}"
EndProject
Project("{FAE04EC0-301F-11D3-BF4B-00C04F79EFBC}") = "TestDrive2.Aula6", "TestDrive2\TestDrive2.Aula6\TestDrive2.Aula6.csproj", "{E89A5E0A-86EB-4756-9C49-8B9CC2692A03}"
EndProject
Project("{FAE04EC0-301F-11D3-BF4B-00C04F79EFBC}") = "TestDrive2.Aula1", "TestDrive2\TestDrive2.Aula1\TestDrive2.Aula1.csproj", "{BCF6F09E-F92A-4ECB-B935-756EE2834F88}"
EndProject
Project("{FAE04EC0-301F-11D3-BF4B-00C04F79EFBC}") = "TestDrive2.Aula2", "TestDrive2\TestDrive2.Aula2\TestDrive2.Aula2.csproj", "{8DA63DE3-444E-40B3-884E-8145A7D41CB9}"
EndProject
Project("{FAE04EC0-301F-11D3-BF4B-00C04F79EFBC}") = "TestDrive2.Aula3", "TestDrive2\TestDrive2.Aula3\TestDrive2.Aula3.csproj", "{144D8242-83B0-4310-B54F-C14CD4ECF13B}"
EndProject
Project("{FAE04EC0-301F-11D3-BF4B-00C04F79EFBC}") = "TestDrive2.Aula4", "TestDrive2\TestDrive2.Aula4\TestDrive2.Aula4.csproj", "{6AB058B8-7E95-4393-B7EC-FE1526FEA8D1}"
EndProject
Project("{FAE04EC0-301F-11D3-BF4B-00C04F79EFBC}") = "TestDrive2.Aula5", "TestDrive2\TestDrive2.Aula5\TestDrive2.Aula5.csproj", "{B4344CD0-9A8C-42B2-94D6-9FE0EAE44A8A}"
EndProject
Global
	GlobalSection(SolutionConfigurationPlatforms) = preSolution
		Ad-Hoc|Any CPU = Ad-Hoc|Any CPU
		Ad-Hoc|ARM = Ad-Hoc|ARM
		Ad-Hoc|iPhone = Ad-Hoc|iPhone
		Ad-Hoc|iPhoneSimulator = Ad-Hoc|iPhoneSimulator
		Ad-Hoc|x64 = Ad-Hoc|x64
		Ad-Hoc|x86 = Ad-Hoc|x86
		AppStore|Any CPU = AppStore|Any CPU
		AppStore|ARM = AppStore|ARM
		AppStore|iPhone = AppStore|iPhone
		AppStore|iPhoneSimulator = AppStore|iPhoneSimulator
		AppStore|x64 = AppStore|x64
		AppStore|x86 = AppStore|x86
		Debug|Any CPU = Debug|Any CPU
		Debug|ARM = Debug|ARM
		Debug|iPhone = Debug|iPhone
		Debug|iPhoneSimulator = Debug|iPhoneSimulator
		Debug|x64 = Debug|x64
		Debug|x86 = Debug|x86
		Release|Any CPU = Release|Any CPU
		Release|ARM = Release|ARM
		Release|iPhone = Release|iPhone
		Release|iPhoneSimulator = Release|iPhoneSimulator
		Release|x64 = Release|x64
		Release|x86 = Release|x86
	EndGlobalSection
	GlobalSection(ProjectConfigurationPlatforms) = postSolution
		{4965324D-D404-42C0-9A90-495AF21AD81C}.Ad-Hoc|Any CPU.ActiveCfg = Release|Any CPU
		{4965324D-D404-42C0-9A90-495AF21AD81C}.Ad-Hoc|Any CPU.Build.0 = Release|Any CPU
		{4965324D-D404-42C0-9A90-495AF21AD81C}.Ad-Hoc|Any CPU.Deploy.0 = Release|Any CPU
		{4965324D-D404-42C0-9A90-495AF21AD81C}.Ad-Hoc|ARM.ActiveCfg = Release|Any CPU
		{4965324D-D404-42C0-9A90-495AF21AD81C}.Ad-Hoc|ARM.Build.0 = Release|Any CPU
		{4965324D-D404-42C0-9A90-495AF21AD81C}.Ad-Hoc|ARM.Deploy.0 = Release|Any CPU
		{4965324D-D404-42C0-9A90-495AF21AD81C}.Ad-Hoc|iPhone.ActiveCfg = Release|Any CPU
		{4965324D-D404-42C0-9A90-495AF21AD81C}.Ad-Hoc|iPhone.Build.0 = Release|Any CPU
		{4965324D-D404-42C0-9A90-495AF21AD81C}.Ad-Hoc|iPhone.Deploy.0 = Release|Any CPU
		{4965324D-D404-42C0-9A90-495AF21AD81C}.Ad-Hoc|iPhoneSimulator.ActiveCfg = Release|Any CPU
		{4965324D-D404-42C0-9A90-495AF21AD81C}.Ad-Hoc|iPhoneSimulator.Build.0 = Release|Any CPU
		{4965324D-D404-42C0-9A90-495AF21AD81C}.Ad-Hoc|iPhoneSimulator.Deploy.0 = Release|Any CPU
		{4965324D-D404-42C0-9A90-495AF21AD81C}.Ad-Hoc|x64.ActiveCfg = Release|Any CPU
		{4965324D-D404-42C0-9A90-495AF21AD81C}.Ad-Hoc|x64.Build.0 = Release|Any CPU
		{4965324D-D404-42C0-9A90-495AF21AD81C}.Ad-Hoc|x64.Deploy.0 = Release|Any CPU
		{4965324D-D404-42C0-9A90-495AF21AD81C}.Ad-Hoc|x86.ActiveCfg = Release|Any CPU
		{4965324D-D404-42C0-9A90-495AF21AD81C}.Ad-Hoc|x86.Build.0 = Release|Any CPU
		{4965324D-D404-42C0-9A90-495AF21AD81C}.Ad-Hoc|x86.Deploy.0 = Release|Any CPU
		{4965324D-D404-42C0-9A90-495AF21AD81C}.AppStore|Any CPU.ActiveCfg = Release|Any CPU
		{4965324D-D404-42C0-9A90-495AF21AD81C}.AppStore|Any CPU.Build.0 = Release|Any CPU
		{4965324D-D404-42C0-9A90-495AF21AD81C}.AppStore|Any CPU.Deploy.0 = Release|Any CPU
		{4965324D-D404-42C0-9A90-495AF21AD81C}.AppStore|ARM.ActiveCfg = Release|Any CPU
		{4965324D-D404-42C0-9A90-495AF21AD81C}.AppStore|ARM.Build.0 = Release|Any CPU
		{4965324D-D404-42C0-9A90-495AF21AD81C}.AppStore|ARM.Deploy.0 = Release|Any CPU
		{4965324D-D404-42C0-9A90-495AF21AD81C}.AppStore|iPhone.ActiveCfg = Release|Any CPU
		{4965324D-D404-42C0-9A90-495AF21AD81C}.AppStore|iPhone.Build.0 = Release|Any CPU
		{4965324D-D404-42C0-9A90-495AF21AD81C}.AppStore|iPhone.Deploy.0 = Release|Any CPU
		{4965324D-D404-42C0-9A90-495AF21AD81C}.AppStore|iPhoneSimulator.ActiveCfg = Release|Any CPU
		{4965324D-D404-42C0-9A90-495AF21AD81C}.AppStore|iPhoneSimulator.Build.0 = Release|Any CPU
		{4965324D-D404-42C0-9A90-495AF21AD81C}.AppStore|iPhoneSimulator.Deploy.0 = Release|Any CPU
		{4965324D-D404-42C0-9A90-495AF21AD81C}.AppStore|x64.ActiveCfg = Release|Any CPU
		{4965324D-D404-42C0-9A90-495AF21AD81C}.AppStore|x64.Build.0 = Release|Any CPU
		{4965324D-D404-42C0-9A90-495AF21AD81C}.AppStore|x64.Deploy.0 = Release|Any CPU
		{4965324D-D404-42C0-9A90-495AF21AD81C}.AppStore|x86.ActiveCfg = Release|Any CPU
		{4965324D-D404-42C0-9A90-495AF21AD81C}.AppStore|x86.Build.0 = Release|Any CPU
		{4965324D-D404-42C0-9A90-495AF21AD81C}.AppStore|x86.Deploy.0 = Release|Any CPU
		{4965324D-D404-42C0-9A90-495AF21AD81C}.Debug|Any CPU.ActiveCfg = Debug|Any CPU
		{4965324D-D404-42C0-9A90-495AF21AD81C}.Debug|Any CPU.Build.0 = Debug|Any CPU
		{4965324D-D404-42C0-9A90-495AF21AD81C}.Debug|Any CPU.Deploy.0 = Debug|Any CPU
		{4965324D-D404-42C0-9A90-495AF21AD81C}.Debug|ARM.ActiveCfg = Debug|Any CPU
		{4965324D-D404-42C0-9A90-495AF21AD81C}.Debug|ARM.Build.0 = Debug|Any CPU
		{4965324D-D404-42C0-9A90-495AF21AD81C}.Debug|ARM.Deploy.0 = Debug|Any CPU
		{4965324D-D404-42C0-9A90-495AF21AD81C}.Debug|iPhone.ActiveCfg = Debug|Any CPU
		{4965324D-D404-42C0-9A90-495AF21AD81C}.Debug|iPhone.Build.0 = Debug|Any CPU
		{4965324D-D404-42C0-9A90-495AF21AD81C}.Debug|iPhone.Deploy.0 = Debug|Any CPU
		{4965324D-D404-42C0-9A90-495AF21AD81C}.Debug|iPhoneSimulator.ActiveCfg = Debug|Any CPU
		{4965324D-D404-42C0-9A90-495AF21AD81C}.Debug|iPhoneSimulator.Build.0 = Debug|Any CPU
		{4965324D-D404-42C0-9A90-495AF21AD81C}.Debug|iPhoneSimulator.Deploy.0 = Debug|Any CPU
		{4965324D-D404-42C0-9A90-495AF21AD81C}.Debug|x64.ActiveCfg = Debug|Any CPU
		{4965324D-D404-42C0-9A90-495AF21AD81C}.Debug|x64.Build.0 = Debug|Any CPU
		{4965324D-D404-42C0-9A90-495AF21AD81C}.Debug|x64.Deploy.0 = Debug|Any CPU
		{4965324D-D404-42C0-9A90-495AF21AD81C}.Debug|x86.ActiveCfg = Debug|Any CPU
		{4965324D-D404-42C0-9A90-495AF21AD81C}.Debug|x86.Build.0 = Debug|Any CPU
		{4965324D-D404-42C0-9A90-495AF21AD81C}.Debug|x86.Deploy.0 = Debug|Any CPU
		{4965324D-D404-42C0-9A90-495AF21AD81C}.Release|Any CPU.ActiveCfg = Release|Any CPU
		{4965324D-D404-42C0-9A90-495AF21AD81C}.Release|Any CPU.Build.0 = Release|Any CPU
		{4965324D-D404-42C0-9A90-495AF21AD81C}.Release|Any CPU.Deploy.0 = Release|Any CPU
		{4965324D-D404-42C0-9A90-495AF21AD81C}.Release|ARM.ActiveCfg = Release|Any CPU
		{4965324D-D404-42C0-9A90-495AF21AD81C}.Release|ARM.Build.0 = Release|Any CPU
		{4965324D-D404-42C0-9A90-495AF21AD81C}.Release|ARM.Deploy.0 = Release|Any CPU
		{4965324D-D404-42C0-9A90-495AF21AD81C}.Release|iPhone.ActiveCfg = Release|Any CPU
		{4965324D-D404-42C0-9A90-495AF21AD81C}.Release|iPhone.Build.0 = Release|Any CPU
		{4965324D-D404-42C0-9A90-495AF21AD81C}.Release|iPhone.Deploy.0 = Release|Any CPU
		{4965324D-D404-42C0-9A90-495AF21AD81C}.Release|iPhoneSimulator.ActiveCfg = Release|Any CPU
		{4965324D-D404-42C0-9A90-495AF21AD81C}.Release|iPhoneSimulator.Build.0 = Release|Any CPU
		{4965324D-D404-42C0-9A90-495AF21AD81C}.Release|iPhoneSimulator.Deploy.0 = Release|Any CPU
		{4965324D-D404-42C0-9A90-495AF21AD81C}.Release|x64.ActiveCfg = Release|Any CPU
		{4965324D-D404-42C0-9A90-495AF21AD81C}.Release|x64.Build.0 = Release|Any CPU
		{4965324D-D404-42C0-9A90-495AF21AD81C}.Release|x64.Deploy.0 = Release|Any CPU
		{4965324D-D404-42C0-9A90-495AF21AD81C}.Release|x86.ActiveCfg = Release|Any CPU
		{4965324D-D404-42C0-9A90-495AF21AD81C}.Release|x86.Build.0 = Release|Any CPU
		{4965324D-D404-42C0-9A90-495AF21AD81C}.Release|x86.Deploy.0 = Release|Any CPU
		{E89A5E0A-86EB-4756-9C49-8B9CC2692A03}.Ad-Hoc|Any CPU.ActiveCfg = Release|Any CPU
		{E89A5E0A-86EB-4756-9C49-8B9CC2692A03}.Ad-Hoc|Any CPU.Build.0 = Release|Any CPU
		{E89A5E0A-86EB-4756-9C49-8B9CC2692A03}.Ad-Hoc|ARM.ActiveCfg = Release|Any CPU
		{E89A5E0A-86EB-4756-9C49-8B9CC2692A03}.Ad-Hoc|ARM.Build.0 = Release|Any CPU
		{E89A5E0A-86EB-4756-9C49-8B9CC2692A03}.Ad-Hoc|iPhone.ActiveCfg = Release|Any CPU
		{E89A5E0A-86EB-4756-9C49-8B9CC2692A03}.Ad-Hoc|iPhone.Build.0 = Release|Any CPU
		{E89A5E0A-86EB-4756-9C49-8B9CC2692A03}.Ad-Hoc|iPhoneSimulator.ActiveCfg = Release|Any CPU
		{E89A5E0A-86EB-4756-9C49-8B9CC2692A03}.Ad-Hoc|iPhoneSimulator.Build.0 = Release|Any CPU
		{E89A5E0A-86EB-4756-9C49-8B9CC2692A03}.Ad-Hoc|x64.ActiveCfg = Release|Any CPU
		{E89A5E0A-86EB-4756-9C49-8B9CC2692A03}.Ad-Hoc|x64.Build.0 = Release|Any CPU
		{E89A5E0A-86EB-4756-9C49-8B9CC2692A03}.Ad-Hoc|x86.ActiveCfg = Release|Any CPU
		{E89A5E0A-86EB-4756-9C49-8B9CC2692A03}.Ad-Hoc|x86.Build.0 = Release|Any CPU
		{E89A5E0A-86EB-4756-9C49-8B9CC2692A03}.AppStore|Any CPU.ActiveCfg = Release|Any CPU
		{E89A5E0A-86EB-4756-9C49-8B9CC2692A03}.AppStore|Any CPU.Build.0 = Release|Any CPU
		{E89A5E0A-86EB-4756-9C49-8B9CC2692A03}.AppStore|ARM.ActiveCfg = Release|Any CPU
		{E89A5E0A-86EB-4756-9C49-8B9CC2692A03}.AppStore|ARM.Build.0 = Release|Any CPU
		{E89A5E0A-86EB-4756-9C49-8B9CC2692A03}.AppStore|iPhone.ActiveCfg = Release|Any CPU
		{E89A5E0A-86EB-4756-9C49-8B9CC2692A03}.AppStore|iPhone.Build.0 = Release|Any CPU
		{E89A5E0A-86EB-4756-9C49-8B9CC2692A03}.AppStore|iPhoneSimulator.ActiveCfg = Release|Any CPU
		{E89A5E0A-86EB-4756-9C49-8B9CC2692A03}.AppStore|iPhoneSimulator.Build.0 = Release|Any CPU
		{E89A5E0A-86EB-4756-9C49-8B9CC2692A03}.AppStore|x64.ActiveCfg = Release|Any CPU
		{E89A5E0A-86EB-4756-9C49-8B9CC2692A03}.AppStore|x64.Build.0 = Release|Any CPU
		{E89A5E0A-86EB-4756-9C49-8B9CC2692A03}.AppStore|x86.ActiveCfg = Release|Any CPU
		{E89A5E0A-86EB-4756-9C49-8B9CC2692A03}.AppStore|x86.Build.0 = Release|Any CPU
		{E89A5E0A-86EB-4756-9C49-8B9CC2692A03}.Debug|Any CPU.ActiveCfg = Debug|Any CPU
		{E89A5E0A-86EB-4756-9C49-8B9CC2692A03}.Debug|Any CPU.Build.0 = Debug|Any CPU
		{E89A5E0A-86EB-4756-9C49-8B9CC2692A03}.Debug|ARM.ActiveCfg = Debug|Any CPU
		{E89A5E0A-86EB-4756-9C49-8B9CC2692A03}.Debug|ARM.Build.0 = Debug|Any CPU
		{E89A5E0A-86EB-4756-9C49-8B9CC2692A03}.Debug|iPhone.ActiveCfg = Debug|Any CPU
		{E89A5E0A-86EB-4756-9C49-8B9CC2692A03}.Debug|iPhone.Build.0 = Debug|Any CPU
		{E89A5E0A-86EB-4756-9C49-8B9CC2692A03}.Debug|iPhoneSimulator.ActiveCfg = Debug|Any CPU
		{E89A5E0A-86EB-4756-9C49-8B9CC2692A03}.Debug|iPhoneSimulator.Build.0 = Debug|Any CPU
		{E89A5E0A-86EB-4756-9C49-8B9CC2692A03}.Debug|x64.ActiveCfg = Debug|Any CPU
		{E89A5E0A-86EB-4756-9C49-8B9CC2692A03}.Debug|x64.Build.0 = Debug|Any CPU
		{E89A5E0A-86EB-4756-9C49-8B9CC2692A03}.Debug|x86.ActiveCfg = Debug|Any CPU
		{E89A5E0A-86EB-4756-9C49-8B9CC2692A03}.Debug|x86.Build.0 = Debug|Any CPU
		{E89A5E0A-86EB-4756-9C49-8B9CC2692A03}.Release|Any CPU.ActiveCfg = Release|Any CPU
		{E89A5E0A-86EB-4756-9C49-8B9CC2692A03}.Release|Any CPU.Build.0 = Release|Any CPU
		{E89A5E0A-86EB-4756-9C49-8B9CC2692A03}.Release|ARM.ActiveCfg = Release|Any CPU
		{E89A5E0A-86EB-4756-9C49-8B9CC2692A03}.Release|ARM.Build.0 = Release|Any CPU
		{E89A5E0A-86EB-4756-9C49-8B9CC2692A03}.Release|iPhone.ActiveCfg = Release|Any CPU
		{E89A5E0A-86EB-4756-9C49-8B9CC2692A03}.Release|iPhone.Build.0 = Release|Any CPU
		{E89A5E0A-86EB-4756-9C49-8B9CC2692A03}.Release|iPhoneSimulator.ActiveCfg = Release|Any CPU
		{E89A5E0A-86EB-4756-9C49-8B9CC2692A03}.Release|iPhoneSimulator.Build.0 = Release|Any CPU
		{E89A5E0A-86EB-4756-9C49-8B9CC2692A03}.Release|x64.ActiveCfg = Release|Any CPU
		{E89A5E0A-86EB-4756-9C49-8B9CC2692A03}.Release|x64.Build.0 = Release|Any CPU
		{E89A5E0A-86EB-4756-9C49-8B9CC2692A03}.Release|x86.ActiveCfg = Release|Any CPU
		{E89A5E0A-86EB-4756-9C49-8B9CC2692A03}.Release|x86.Build.0 = Release|Any CPU
		{BCF6F09E-F92A-4ECB-B935-756EE2834F88}.Ad-Hoc|Any CPU.ActiveCfg = Release|Any CPU
		{BCF6F09E-F92A-4ECB-B935-756EE2834F88}.Ad-Hoc|Any CPU.Build.0 = Release|Any CPU
		{BCF6F09E-F92A-4ECB-B935-756EE2834F88}.Ad-Hoc|ARM.ActiveCfg = Release|Any CPU
		{BCF6F09E-F92A-4ECB-B935-756EE2834F88}.Ad-Hoc|ARM.Build.0 = Release|Any CPU
		{BCF6F09E-F92A-4ECB-B935-756EE2834F88}.Ad-Hoc|iPhone.ActiveCfg = Release|Any CPU
		{BCF6F09E-F92A-4ECB-B935-756EE2834F88}.Ad-Hoc|iPhone.Build.0 = Release|Any CPU
		{BCF6F09E-F92A-4ECB-B935-756EE2834F88}.Ad-Hoc|iPhoneSimulator.ActiveCfg = Release|Any CPU
		{BCF6F09E-F92A-4ECB-B935-756EE2834F88}.Ad-Hoc|iPhoneSimulator.Build.0 = Release|Any CPU
		{BCF6F09E-F92A-4ECB-B935-756EE2834F88}.Ad-Hoc|x64.ActiveCfg = Release|Any CPU
		{BCF6F09E-F92A-4ECB-B935-756EE2834F88}.Ad-Hoc|x64.Build.0 = Release|Any CPU
		{BCF6F09E-F92A-4ECB-B935-756EE2834F88}.Ad-Hoc|x86.ActiveCfg = Release|Any CPU
		{BCF6F09E-F92A-4ECB-B935-756EE2834F88}.Ad-Hoc|x86.Build.0 = Release|Any CPU
		{BCF6F09E-F92A-4ECB-B935-756EE2834F88}.AppStore|Any CPU.ActiveCfg = Release|Any CPU
		{BCF6F09E-F92A-4ECB-B935-756EE2834F88}.AppStore|Any CPU.Build.0 = Release|Any CPU
		{BCF6F09E-F92A-4ECB-B935-756EE2834F88}.AppStore|ARM.ActiveCfg = Release|Any CPU
		{BCF6F09E-F92A-4ECB-B935-756EE2834F88}.AppStore|ARM.Build.0 = Release|Any CPU
		{BCF6F09E-F92A-4ECB-B935-756EE2834F88}.AppStore|iPhone.ActiveCfg = Release|Any CPU
		{BCF6F09E-F92A-4ECB-B935-756EE2834F88}.AppStore|iPhone.Build.0 = Release|Any CPU
		{BCF6F09E-F92A-4ECB-B935-756EE2834F88}.AppStore|iPhoneSimulator.ActiveCfg = Release|Any CPU
		{BCF6F09E-F92A-4ECB-B935-756EE2834F88}.AppStore|iPhoneSimulator.Build.0 = Release|Any CPU
		{BCF6F09E-F92A-4ECB-B935-756EE2834F88}.AppStore|x64.ActiveCfg = Release|Any CPU
		{BCF6F09E-F92A-4ECB-B935-756EE2834F88}.AppStore|x64.Build.0 = Release|Any CPU
		{BCF6F09E-F92A-4ECB-B935-756EE2834F88}.AppStore|x86.ActiveCfg = Release|Any CPU
		{BCF6F09E-F92A-4ECB-B935-756EE2834F88}.AppStore|x86.Build.0 = Release|Any CPU
		{BCF6F09E-F92A-4ECB-B935-756EE2834F88}.Debug|Any CPU.ActiveCfg = Debug|Any CPU
		{BCF6F09E-F92A-4ECB-B935-756EE2834F88}.Debug|Any CPU.Build.0 = Debug|Any CPU
		{BCF6F09E-F92A-4ECB-B935-756EE2834F88}.Debug|ARM.ActiveCfg = Debug|Any CPU
		{BCF6F09E-F92A-4ECB-B935-756EE2834F88}.Debug|ARM.Build.0 = Debug|Any CPU
		{BCF6F09E-F92A-4ECB-B935-756EE2834F88}.Debug|iPhone.ActiveCfg = Debug|Any CPU
		{BCF6F09E-F92A-4ECB-B935-756EE2834F88}.Debug|iPhone.Build.0 = Debug|Any CPU
		{BCF6F09E-F92A-4ECB-B935-756EE2834F88}.Debug|iPhoneSimulator.ActiveCfg = Debug|Any CPU
		{BCF6F09E-F92A-4ECB-B935-756EE2834F88}.Debug|iPhoneSimulator.Build.0 = Debug|Any CPU
		{BCF6F09E-F92A-4ECB-B935-756EE2834F88}.Debug|x64.ActiveCfg = Debug|Any CPU
		{BCF6F09E-F92A-4ECB-B935-756EE2834F88}.Debug|x64.Build.0 = Debug|Any CPU
		{BCF6F09E-F92A-4ECB-B935-756EE2834F88}.Debug|x86.ActiveCfg = Debug|Any CPU
		{BCF6F09E-F92A-4ECB-B935-756EE2834F88}.Debug|x86.Build.0 = Debug|Any CPU
		{BCF6F09E-F92A-4ECB-B935-756EE2834F88}.Release|Any CPU.ActiveCfg = Release|Any CPU
		{BCF6F09E-F92A-4ECB-B935-756EE2834F88}.Release|Any CPU.Build.0 = Release|Any CPU
		{BCF6F09E-F92A-4ECB-B935-756EE2834F88}.Release|ARM.ActiveCfg = Release|Any CPU
		{BCF6F09E-F92A-4ECB-B935-756EE2834F88}.Release|ARM.Build.0 = Release|Any CPU
		{BCF6F09E-F92A-4ECB-B935-756EE2834F88}.Release|iPhone.ActiveCfg = Release|Any CPU
		{BCF6F09E-F92A-4ECB-B935-756EE2834F88}.Release|iPhone.Build.0 = Release|Any CPU
		{BCF6F09E-F92A-4ECB-B935-756EE2834F88}.Release|iPhoneSimulator.ActiveCfg = Release|Any CPU
		{BCF6F09E-F92A-4ECB-B935-756EE2834F88}.Release|iPhoneSimulator.Build.0 = Release|Any CPU
		{BCF6F09E-F92A-4ECB-B935-756EE2834F88}.Release|x64.ActiveCfg = Release|Any CPU
		{BCF6F09E-F92A-4ECB-B935-756EE2834F88}.Release|x64.Build.0 = Release|Any CPU
		{BCF6F09E-F92A-4ECB-B935-756EE2834F88}.Release|x86.ActiveCfg = Release|Any CPU
		{BCF6F09E-F92A-4ECB-B935-756EE2834F88}.Release|x86.Build.0 = Release|Any CPU
		{8DA63DE3-444E-40B3-884E-8145A7D41CB9}.Ad-Hoc|Any CPU.ActiveCfg = Release|Any CPU
		{8DA63DE3-444E-40B3-884E-8145A7D41CB9}.Ad-Hoc|Any CPU.Build.0 = Release|Any CPU
		{8DA63DE3-444E-40B3-884E-8145A7D41CB9}.Ad-Hoc|ARM.ActiveCfg = Release|Any CPU
		{8DA63DE3-444E-40B3-884E-8145A7D41CB9}.Ad-Hoc|ARM.Build.0 = Release|Any CPU
		{8DA63DE3-444E-40B3-884E-8145A7D41CB9}.Ad-Hoc|iPhone.ActiveCfg = Release|Any CPU
		{8DA63DE3-444E-40B3-884E-8145A7D41CB9}.Ad-Hoc|iPhone.Build.0 = Release|Any CPU
		{8DA63DE3-444E-40B3-884E-8145A7D41CB9}.Ad-Hoc|iPhoneSimulator.ActiveCfg = Release|Any CPU
		{8DA63DE3-444E-40B3-884E-8145A7D41CB9}.Ad-Hoc|iPhoneSimulator.Build.0 = Release|Any CPU
		{8DA63DE3-444E-40B3-884E-8145A7D41CB9}.Ad-Hoc|x64.ActiveCfg = Release|Any CPU
		{8DA63DE3-444E-40B3-884E-8145A7D41CB9}.Ad-Hoc|x64.Build.0 = Release|Any CPU
		{8DA63DE3-444E-40B3-884E-8145A7D41CB9}.Ad-Hoc|x86.ActiveCfg = Release|Any CPU
		{8DA63DE3-444E-40B3-884E-8145A7D41CB9}.Ad-Hoc|x86.Build.0 = Release|Any CPU
		{8DA63DE3-444E-40B3-884E-8145A7D41CB9}.AppStore|Any CPU.ActiveCfg = Release|Any CPU
		{8DA63DE3-444E-40B3-884E-8145A7D41CB9}.AppStore|Any CPU.Build.0 = Release|Any CPU
		{8DA63DE3-444E-40B3-884E-8145A7D41CB9}.AppStore|ARM.ActiveCfg = Release|Any CPU
		{8DA63DE3-444E-40B3-884E-8145A7D41CB9}.AppStore|ARM.Build.0 = Release|Any CPU
		{8DA63DE3-444E-40B3-884E-8145A7D41CB9}.AppStore|iPhone.ActiveCfg = Release|Any CPU
		{8DA63DE3-444E-40B3-884E-8145A7D41CB9}.AppStore|iPhone.Build.0 = Release|Any CPU
		{8DA63DE3-444E-40B3-884E-8145A7D41CB9}.AppStore|iPhoneSimulator.ActiveCfg = Release|Any CPU
		{8DA63DE3-444E-40B3-884E-8145A7D41CB9}.AppStore|iPhoneSimulator.Build.0 = Release|Any CPU
		{8DA63DE3-444E-40B3-884E-8145A7D41CB9}.AppStore|x64.ActiveCfg = Release|Any CPU
		{8DA63DE3-444E-40B3-884E-8145A7D41CB9}.AppStore|x64.Build.0 = Release|Any CPU
		{8DA63DE3-444E-40B3-884E-8145A7D41CB9}.AppStore|x86.ActiveCfg = Release|Any CPU
		{8DA63DE3-444E-40B3-884E-8145A7D41CB9}.AppStore|x86.Build.0 = Release|Any CPU
		{8DA63DE3-444E-40B3-884E-8145A7D41CB9}.Debug|Any CPU.ActiveCfg = Debug|Any CPU
		{8DA63DE3-444E-40B3-884E-8145A7D41CB9}.Debug|Any CPU.Build.0 = Debug|Any CPU
		{8DA63DE3-444E-40B3-884E-8145A7D41CB9}.Debug|ARM.ActiveCfg = Debug|Any CPU
		{8DA63DE3-444E-40B3-884E-8145A7D41CB9}.Debug|ARM.Build.0 = Debug|Any CPU
		{8DA63DE3-444E-40B3-884E-8145A7D41CB9}.Debug|iPhone.ActiveCfg = Debug|Any CPU
		{8DA63DE3-444E-40B3-884E-8145A7D41CB9}.Debug|iPhone.Build.0 = Debug|Any CPU
		{8DA63DE3-444E-40B3-884E-8145A7D41CB9}.Debug|iPhoneSimulator.ActiveCfg = Debug|Any CPU
		{8DA63DE3-444E-40B3-884E-8145A7D41CB9}.Debug|iPhoneSimulator.Build.0 = Debug|Any CPU
		{8DA63DE3-444E-40B3-884E-8145A7D41CB9}.Debug|x64.ActiveCfg = Debug|Any CPU
		{8DA63DE3-444E-40B3-884E-8145A7D41CB9}.Debug|x64.Build.0 = Debug|Any CPU
		{8DA63DE3-444E-40B3-884E-8145A7D41CB9}.Debug|x86.ActiveCfg = Debug|Any CPU
		{8DA63DE3-444E-40B3-884E-8145A7D41CB9}.Debug|x86.Build.0 = Debug|Any CPU
		{8DA63DE3-444E-40B3-884E-8145A7D41CB9}.Release|Any CPU.ActiveCfg = Release|Any CPU
		{8DA63DE3-444E-40B3-884E-8145A7D41CB9}.Release|Any CPU.Build.0 = Release|Any CPU
		{8DA63DE3-444E-40B3-884E-8145A7D41CB9}.Release|ARM.ActiveCfg = Release|Any CPU
		{8DA63DE3-444E-40B3-884E-8145A7D41CB9}.Release|ARM.Build.0 = Release|Any CPU
		{8DA63DE3-444E-40B3-884E-8145A7D41CB9}.Release|iPhone.ActiveCfg = Release|Any CPU
		{8DA63DE3-444E-40B3-884E-8145A7D41CB9}.Release|iPhone.Build.0 = Release|Any CPU
		{8DA63DE3-444E-40B3-884E-8145A7D41CB9}.Release|iPhoneSimulator.ActiveCfg = Release|Any CPU
		{8DA63DE3-444E-40B3-884E-8145A7D41CB9}.Release|iPhoneSimulator.Build.0 = Release|Any CPU
		{8DA63DE3-444E-40B3-884E-8145A7D41CB9}.Release|x64.ActiveCfg = Release|Any CPU
		{8DA63DE3-444E-40B3-884E-8145A7D41CB9}.Release|x64.Build.0 = Release|Any CPU
		{8DA63DE3-444E-40B3-884E-8145A7D41CB9}.Release|x86.ActiveCfg = Release|Any CPU
		{8DA63DE3-444E-40B3-884E-8145A7D41CB9}.Release|x86.Build.0 = Release|Any CPU
		{144D8242-83B0-4310-B54F-C14CD4ECF13B}.Ad-Hoc|Any CPU.ActiveCfg = Release|Any CPU
		{144D8242-83B0-4310-B54F-C14CD4ECF13B}.Ad-Hoc|Any CPU.Build.0 = Release|Any CPU
		{144D8242-83B0-4310-B54F-C14CD4ECF13B}.Ad-Hoc|ARM.ActiveCfg = Release|Any CPU
		{144D8242-83B0-4310-B54F-C14CD4ECF13B}.Ad-Hoc|ARM.Build.0 = Release|Any CPU
		{144D8242-83B0-4310-B54F-C14CD4ECF13B}.Ad-Hoc|iPhone.ActiveCfg = Release|Any CPU
		{144D8242-83B0-4310-B54F-C14CD4ECF13B}.Ad-Hoc|iPhone.Build.0 = Release|Any CPU
		{144D8242-83B0-4310-B54F-C14CD4ECF13B}.Ad-Hoc|iPhoneSimulator.ActiveCfg = Release|Any CPU
		{144D8242-83B0-4310-B54F-C14CD4ECF13B}.Ad-Hoc|iPhoneSimulator.Build.0 = Release|Any CPU
		{144D8242-83B0-4310-B54F-C14CD4ECF13B}.Ad-Hoc|x64.ActiveCfg = Release|Any CPU
		{144D8242-83B0-4310-B54F-C14CD4ECF13B}.Ad-Hoc|x64.Build.0 = Release|Any CPU
		{144D8242-83B0-4310-B54F-C14CD4ECF13B}.Ad-Hoc|x86.ActiveCfg = Release|Any CPU
		{144D8242-83B0-4310-B54F-C14CD4ECF13B}.Ad-Hoc|x86.Build.0 = Release|Any CPU
		{144D8242-83B0-4310-B54F-C14CD4ECF13B}.AppStore|Any CPU.ActiveCfg = Release|Any CPU
		{144D8242-83B0-4310-B54F-C14CD4ECF13B}.AppStore|Any CPU.Build.0 = Release|Any CPU
		{144D8242-83B0-4310-B54F-C14CD4ECF13B}.AppStore|ARM.ActiveCfg = Release|Any CPU
		{144D8242-83B0-4310-B54F-C14CD4ECF13B}.AppStore|ARM.Build.0 = Release|Any CPU
		{144D8242-83B0-4310-B54F-C14CD4ECF13B}.AppStore|iPhone.ActiveCfg = Release|Any CPU
		{144D8242-83B0-4310-B54F-C14CD4ECF13B}.AppStore|iPhone.Build.0 = Release|Any CPU
		{144D8242-83B0-4310-B54F-C14CD4ECF13B}.AppStore|iPhoneSimulator.ActiveCfg = Release|Any CPU
		{144D8242-83B0-4310-B54F-C14CD4ECF13B}.AppStore|iPhoneSimulator.Build.0 = Release|Any CPU
		{144D8242-83B0-4310-B54F-C14CD4ECF13B}.AppStore|x64.ActiveCfg = Release|Any CPU
		{144D8242-83B0-4310-B54F-C14CD4ECF13B}.AppStore|x64.Build.0 = Release|Any CPU
		{144D8242-83B0-4310-B54F-C14CD4ECF13B}.AppStore|x86.ActiveCfg = Release|Any CPU
		{144D8242-83B0-4310-B54F-C14CD4ECF13B}.AppStore|x86.Build.0 = Release|Any CPU
		{144D8242-83B0-4310-B54F-C14CD4ECF13B}.Debug|Any CPU.ActiveCfg = Debug|Any CPU
		{144D8242-83B0-4310-B54F-C14CD4ECF13B}.Debug|Any CPU.Build.0 = Debug|Any CPU
		{144D8242-83B0-4310-B54F-C14CD4ECF13B}.Debug|ARM.ActiveCfg = Debug|Any CPU
		{144D8242-83B0-4310-B54F-C14CD4ECF13B}.Debug|ARM.Build.0 = Debug|Any CPU
		{144D8242-83B0-4310-B54F-C14CD4ECF13B}.Debug|iPhone.ActiveCfg = Debug|Any CPU
		{144D8242-83B0-4310-B54F-C14CD4ECF13B}.Debug|iPhone.Build.0 = Debug|Any CPU
		{144D8242-83B0-4310-B54F-C14CD4ECF13B}.Debug|iPhoneSimulator.ActiveCfg = Debug|Any CPU
		{144D8242-83B0-4310-B54F-C14CD4ECF13B}.Debug|iPhoneSimulator.Build.0 = Debug|Any CPU
		{144D8242-83B0-4310-B54F-C14CD4ECF13B}.Debug|x64.ActiveCfg = Debug|Any CPU
		{144D8242-83B0-4310-B54F-C14CD4ECF13B}.Debug|x64.Build.0 = Debug|Any CPU
		{144D8242-83B0-4310-B54F-C14CD4ECF13B}.Debug|x86.ActiveCfg = Debug|Any CPU
		{144D8242-83B0-4310-B54F-C14CD4ECF13B}.Debug|x86.Build.0 = Debug|Any CPU
		{144D8242-83B0-4310-B54F-C14CD4ECF13B}.Release|Any CPU.ActiveCfg = Release|Any CPU
		{144D8242-83B0-4310-B54F-C14CD4ECF13B}.Release|Any CPU.Build.0 = Release|Any CPU
		{144D8242-83B0-4310-B54F-C14CD4ECF13B}.Release|ARM.ActiveCfg = Release|Any CPU
		{144D8242-83B0-4310-B54F-C14CD4ECF13B}.Release|ARM.Build.0 = Release|Any CPU
		{144D8242-83B0-4310-B54F-C14CD4ECF13B}.Release|iPhone.ActiveCfg = Release|Any CPU
		{144D8242-83B0-4310-B54F-C14CD4ECF13B}.Release|iPhone.Build.0 = Release|Any CPU
		{144D8242-83B0-4310-B54F-C14CD4ECF13B}.Release|iPhoneSimulator.ActiveCfg = Release|Any CPU
		{144D8242-83B0-4310-B54F-C14CD4ECF13B}.Release|iPhoneSimulator.Build.0 = Release|Any CPU
		{144D8242-83B0-4310-B54F-C14CD4ECF13B}.Release|x64.ActiveCfg = Release|Any CPU
		{144D8242-83B0-4310-B54F-C14CD4ECF13B}.Release|x64.Build.0 = Release|Any CPU
		{144D8242-83B0-4310-B54F-C14CD4ECF13B}.Release|x86.ActiveCfg = Release|Any CPU
		{144D8242-83B0-4310-B54F-C14CD4ECF13B}.Release|x86.Build.0 = Release|Any CPU
		{6AB058B8-7E95-4393-B7EC-FE1526FEA8D1}.Ad-Hoc|Any CPU.ActiveCfg = Release|Any CPU
		{6AB058B8-7E95-4393-B7EC-FE1526FEA8D1}.Ad-Hoc|Any CPU.Build.0 = Release|Any CPU
		{6AB058B8-7E95-4393-B7EC-FE1526FEA8D1}.Ad-Hoc|ARM.ActiveCfg = Release|Any CPU
		{6AB058B8-7E95-4393-B7EC-FE1526FEA8D1}.Ad-Hoc|ARM.Build.0 = Release|Any CPU
		{6AB058B8-7E95-4393-B7EC-FE1526FEA8D1}.Ad-Hoc|iPhone.ActiveCfg = Release|Any CPU
		{6AB058B8-7E95-4393-B7EC-FE1526FEA8D1}.Ad-Hoc|iPhone.Build.0 = Release|Any CPU
		{6AB058B8-7E95-4393-B7EC-FE1526FEA8D1}.Ad-Hoc|iPhoneSimulator.ActiveCfg = Release|Any CPU
		{6AB058B8-7E95-4393-B7EC-FE1526FEA8D1}.Ad-Hoc|iPhoneSimulator.Build.0 = Release|Any CPU
		{6AB058B8-7E95-4393-B7EC-FE1526FEA8D1}.Ad-Hoc|x64.ActiveCfg = Release|Any CPU
		{6AB058B8-7E95-4393-B7EC-FE1526FEA8D1}.Ad-Hoc|x64.Build.0 = Release|Any CPU
		{6AB058B8-7E95-4393-B7EC-FE1526FEA8D1}.Ad-Hoc|x86.ActiveCfg = Release|Any CPU
		{6AB058B8-7E95-4393-B7EC-FE1526FEA8D1}.Ad-Hoc|x86.Build.0 = Release|Any CPU
		{6AB058B8-7E95-4393-B7EC-FE1526FEA8D1}.AppStore|Any CPU.ActiveCfg = Release|Any CPU
		{6AB058B8-7E95-4393-B7EC-FE1526FEA8D1}.AppStore|Any CPU.Build.0 = Release|Any CPU
		{6AB058B8-7E95-4393-B7EC-FE1526FEA8D1}.AppStore|ARM.ActiveCfg = Release|Any CPU
		{6AB058B8-7E95-4393-B7EC-FE1526FEA8D1}.AppStore|ARM.Build.0 = Release|Any CPU
		{6AB058B8-7E95-4393-B7EC-FE1526FEA8D1}.AppStore|iPhone.ActiveCfg = Release|Any CPU
		{6AB058B8-7E95-4393-B7EC-FE1526FEA8D1}.AppStore|iPhone.Build.0 = Release|Any CPU
		{6AB058B8-7E95-4393-B7EC-FE1526FEA8D1}.AppStore|iPhoneSimulator.ActiveCfg = Release|Any CPU
		{6AB058B8-7E95-4393-B7EC-FE1526FEA8D1}.AppStore|iPhoneSimulator.Build.0 = Release|Any CPU
		{6AB058B8-7E95-4393-B7EC-FE1526FEA8D1}.AppStore|x64.ActiveCfg = Release|Any CPU
		{6AB058B8-7E95-4393-B7EC-FE1526FEA8D1}.AppStore|x64.Build.0 = Release|Any CPU
		{6AB058B8-7E95-4393-B7EC-FE1526FEA8D1}.AppStore|x86.ActiveCfg = Release|Any CPU
		{6AB058B8-7E95-4393-B7EC-FE1526FEA8D1}.AppStore|x86.Build.0 = Release|Any CPU
		{6AB058B8-7E95-4393-B7EC-FE1526FEA8D1}.Debug|Any CPU.ActiveCfg = Debug|Any CPU
		{6AB058B8-7E95-4393-B7EC-FE1526FEA8D1}.Debug|Any CPU.Build.0 = Debug|Any CPU
		{6AB058B8-7E95-4393-B7EC-FE1526FEA8D1}.Debug|ARM.ActiveCfg = Debug|Any CPU
		{6AB058B8-7E95-4393-B7EC-FE1526FEA8D1}.Debug|ARM.Build.0 = Debug|Any CPU
		{6AB058B8-7E95-4393-B7EC-FE1526FEA8D1}.Debug|iPhone.ActiveCfg = Debug|Any CPU
		{6AB058B8-7E95-4393-B7EC-FE1526FEA8D1}.Debug|iPhone.Build.0 = Debug|Any CPU
		{6AB058B8-7E95-4393-B7EC-FE1526FEA8D1}.Debug|iPhoneSimulator.ActiveCfg = Debug|Any CPU
		{6AB058B8-7E95-4393-B7EC-FE1526FEA8D1}.Debug|iPhoneSimulator.Build.0 = Debug|Any CPU
		{6AB058B8-7E95-4393-B7EC-FE1526FEA8D1}.Debug|x64.ActiveCfg = Debug|Any CPU
		{6AB058B8-7E95-4393-B7EC-FE1526FEA8D1}.Debug|x64.Build.0 = Debug|Any CPU
		{6AB058B8-7E95-4393-B7EC-FE1526FEA8D1}.Debug|x86.ActiveCfg = Debug|Any CPU
		{6AB058B8-7E95-4393-B7EC-FE1526FEA8D1}.Debug|x86.Build.0 = Debug|Any CPU
		{6AB058B8-7E95-4393-B7EC-FE1526FEA8D1}.Release|Any CPU.ActiveCfg = Release|Any CPU
		{6AB058B8-7E95-4393-B7EC-FE1526FEA8D1}.Release|Any CPU.Build.0 = Release|Any CPU
		{6AB058B8-7E95-4393-B7EC-FE1526FEA8D1}.Release|ARM.ActiveCfg = Release|Any CPU
		{6AB058B8-7E95-4393-B7EC-FE1526FEA8D1}.Release|ARM.Build.0 = Release|Any CPU
		{6AB058B8-7E95-4393-B7EC-FE1526FEA8D1}.Release|iPhone.ActiveCfg = Release|Any CPU
		{6AB058B8-7E95-4393-B7EC-FE1526FEA8D1}.Release|iPhone.Build.0 = Release|Any CPU
		{6AB058B8-7E95-4393-B7EC-FE1526FEA8D1}.Release|iPhoneSimulator.ActiveCfg = Release|Any CPU
		{6AB058B8-7E95-4393-B7EC-FE1526FEA8D1}.Release|iPhoneSimulator.Build.0 = Release|Any CPU
		{6AB058B8-7E95-4393-B7EC-FE1526FEA8D1}.Release|x64.ActiveCfg = Release|Any CPU
		{6AB058B8-7E95-4393-B7EC-FE1526FEA8D1}.Release|x64.Build.0 = Release|Any CPU
		{6AB058B8-7E95-4393-B7EC-FE1526FEA8D1}.Release|x86.ActiveCfg = Release|Any CPU
		{6AB058B8-7E95-4393-B7EC-FE1526FEA8D1}.Release|x86.Build.0 = Release|Any CPU
		{B4344CD0-9A8C-42B2-94D6-9FE0EAE44A8A}.Ad-Hoc|Any CPU.ActiveCfg = Release|Any CPU
		{B4344CD0-9A8C-42B2-94D6-9FE0EAE44A8A}.Ad-Hoc|Any CPU.Build.0 = Release|Any CPU
		{B4344CD0-9A8C-42B2-94D6-9FE0EAE44A8A}.Ad-Hoc|ARM.ActiveCfg = Release|Any CPU
		{B4344CD0-9A8C-42B2-94D6-9FE0EAE44A8A}.Ad-Hoc|ARM.Build.0 = Release|Any CPU
		{B4344CD0-9A8C-42B2-94D6-9FE0EAE44A8A}.Ad-Hoc|iPhone.ActiveCfg = Release|Any CPU
		{B4344CD0-9A8C-42B2-94D6-9FE0EAE44A8A}.Ad-Hoc|iPhone.Build.0 = Release|Any CPU
		{B4344CD0-9A8C-42B2-94D6-9FE0EAE44A8A}.Ad-Hoc|iPhoneSimulator.ActiveCfg = Release|Any CPU
		{B4344CD0-9A8C-42B2-94D6-9FE0EAE44A8A}.Ad-Hoc|iPhoneSimulator.Build.0 = Release|Any CPU
		{B4344CD0-9A8C-42B2-94D6-9FE0EAE44A8A}.Ad-Hoc|x64.ActiveCfg = Release|Any CPU
		{B4344CD0-9A8C-42B2-94D6-9FE0EAE44A8A}.Ad-Hoc|x64.Build.0 = Release|Any CPU
		{B4344CD0-9A8C-42B2-94D6-9FE0EAE44A8A}.Ad-Hoc|x86.ActiveCfg = Release|Any CPU
		{B4344CD0-9A8C-42B2-94D6-9FE0EAE44A8A}.Ad-Hoc|x86.Build.0 = Release|Any CPU
		{B4344CD0-9A8C-42B2-94D6-9FE0EAE44A8A}.AppStore|Any CPU.ActiveCfg = Release|Any CPU
		{B4344CD0-9A8C-42B2-94D6-9FE0EAE44A8A}.AppStore|Any CPU.Build.0 = Release|Any CPU
		{B4344CD0-9A8C-42B2-94D6-9FE0EAE44A8A}.AppStore|ARM.ActiveCfg = Release|Any CPU
		{B4344CD0-9A8C-42B2-94D6-9FE0EAE44A8A}.AppStore|ARM.Build.0 = Release|Any CPU
		{B4344CD0-9A8C-42B2-94D6-9FE0EAE44A8A}.AppStore|iPhone.ActiveCfg = Release|Any CPU
		{B4344CD0-9A8C-42B2-94D6-9FE0EAE44A8A}.AppStore|iPhone.Build.0 = Release|Any CPU
		{B4344CD0-9A8C-42B2-94D6-9FE0EAE44A8A}.AppStore|iPhoneSimulator.ActiveCfg = Release|Any CPU
		{B4344CD0-9A8C-42B2-94D6-9FE0EAE44A8A}.AppStore|iPhoneSimulator.Build.0 = Release|Any CPU
		{B4344CD0-9A8C-42B2-94D6-9FE0EAE44A8A}.AppStore|x64.ActiveCfg = Release|Any CPU
		{B4344CD0-9A8C-42B2-94D6-9FE0EAE44A8A}.AppStore|x64.Build.0 = Release|Any CPU
		{B4344CD0-9A8C-42B2-94D6-9FE0EAE44A8A}.AppStore|x86.ActiveCfg = Release|Any CPU
		{B4344CD0-9A8C-42B2-94D6-9FE0EAE44A8A}.AppStore|x86.Build.0 = Release|Any CPU
		{B4344CD0-9A8C-42B2-94D6-9FE0EAE44A8A}.Debug|Any CPU.ActiveCfg = Debug|Any CPU
		{B4344CD0-9A8C-42B2-94D6-9FE0EAE44A8A}.Debug|Any CPU.Build.0 = Debug|Any CPU
		{B4344CD0-9A8C-42B2-94D6-9FE0EAE44A8A}.Debug|ARM.ActiveCfg = Debug|Any CPU
		{B4344CD0-9A8C-42B2-94D6-9FE0EAE44A8A}.Debug|ARM.Build.0 = Debug|Any CPU
		{B4344CD0-9A8C-42B2-94D6-9FE0EAE44A8A}.Debug|iPhone.ActiveCfg = Debug|Any CPU
		{B4344CD0-9A8C-42B2-94D6-9FE0EAE44A8A}.Debug|iPhone.Build.0 = Debug|Any CPU
		{B4344CD0-9A8C-42B2-94D6-9FE0EAE44A8A}.Debug|iPhoneSimulator.ActiveCfg = Debug|Any CPU
		{B4344CD0-9A8C-42B2-94D6-9FE0EAE44A8A}.Debug|iPhoneSimulator.Build.0 = Debug|Any CPU
		{B4344CD0-9A8C-42B2-94D6-9FE0EAE44A8A}.Debug|x64.ActiveCfg = Debug|Any CPU
		{B4344CD0-9A8C-42B2-94D6-9FE0EAE44A8A}.Debug|x64.Build.0 = Debug|Any CPU
		{B4344CD0-9A8C-42B2-94D6-9FE0EAE44A8A}.Debug|x86.ActiveCfg = Debug|Any CPU
		{B4344CD0-9A8C-42B2-94D6-9FE0EAE44A8A}.Debug|x86.Build.0 = Debug|Any CPU
		{B4344CD0-9A8C-42B2-94D6-9FE0EAE44A8A}.Release|Any CPU.ActiveCfg = Release|Any CPU
		{B4344CD0-9A8C-42B2-94D6-9FE0EAE44A8A}.Release|Any CPU.Build.0 = Release|Any CPU
		{B4344CD0-9A8C-42B2-94D6-9FE0EAE44A8A}.Release|ARM.ActiveCfg = Release|Any CPU
		{B4344CD0-9A8C-42B2-94D6-9FE0EAE44A8A}.Release|ARM.Build.0 = Release|Any CPU
		{B4344CD0-9A8C-42B2-94D6-9FE0EAE44A8A}.Release|iPhone.ActiveCfg = Release|Any CPU
		{B4344CD0-9A8C-42B2-94D6-9FE0EAE44A8A}.Release|iPhone.Build.0 = Release|Any CPU
		{B4344CD0-9A8C-42B2-94D6-9FE0EAE44A8A}.Release|iPhoneSimulator.ActiveCfg = Release|Any CPU
		{B4344CD0-9A8C-42B2-94D6-9FE0EAE44A8A}.Release|iPhoneSimulator.Build.0 = Release|Any CPU
		{B4344CD0-9A8C-42B2-94D6-9FE0EAE44A8A}.Release|x64.ActiveCfg = Release|Any CPU
		{B4344CD0-9A8C-42B2-94D6-9FE0EAE44A8A}.Release|x64.Build.0 = Release|Any CPU
		{B4344CD0-9A8C-42B2-94D6-9FE0EAE44A8A}.Release|x86.ActiveCfg = Release|Any CPU
		{B4344CD0-9A8C-42B2-94D6-9FE0EAE44A8A}.Release|x86.Build.0 = Release|Any CPU
	EndGlobalSection
	GlobalSection(SolutionProperties) = preSolution
		HideSolutionNode = FALSE
	EndGlobalSection
EndGlobal
