
Microsoft Visual Studio Solution File, Format Version 12.00
# Visual Studio 14
VisualStudioVersion = 14.0.25420.1
MinimumVisualStudioVersion = 10.0.40219.1
Project("{FAE04EC0-301F-11D3-BF4B-00C04F79EFBC}") = "TestDrive2", "TestDrive2\TestDrive2\TestDrive2.csproj", "{AB1080D3-6F91-449E-A5F5-29A1CC522348}"
EndProject
Project("{FAE04EC0-301F-11D3-BF4B-00C04F79EFBC}") = "TestDrive2.Droid", "TestDrive2\TestDrive2.Droid\TestDrive2.Droid.csproj", "{A01CB035-0DCE-47D9-A139-371027956417}"
EndProject
Project("{FAE04EC0-301F-11D3-BF4B-00C04F79EFBC}") = "TestDrive2.iOS", "TestDrive2\TestDrive2.iOS\TestDrive2.iOS.csproj", "{B09CEA3F-9E86-4032-AA8C-C2035A560F70}"
EndProject
Project("{FAE04EC0-301F-11D3-BF4B-00C04F79EFBC}") = "TestDrive2.WinPhone", "TestDrive2\TestDrive2.WinPhone\TestDrive2.WinPhone.csproj", "{139E4D87-7137-4349-9DA3-7C6DD282FABF}"
EndProject
Project("{FAE04EC0-301F-11D3-BF4B-00C04F79EFBC}") = "TestDrive2.Windows", "TestDrive2\TestDrive2.Windows\TestDrive2.Windows.csproj", "{3EB29F62-5BCC-4EF5-9BE6-3C95F572DD14}"
EndProject
Global
	GlobalSection(SolutionConfigurationPlatforms) = preSolution
		Ad-Hoc|Any CPU = Ad-Hoc|Any CPU
		Ad-Hoc|ARM = Ad-Hoc|ARM
		Ad-Hoc|iPhone = Ad-Hoc|iPhone
		Ad-Hoc|iPhoneSimulator = Ad-Hoc|iPhoneSimulator
		Ad-Hoc|x64 = Ad-Hoc|x64
		Ad-Hoc|x86 = Ad-Hoc|x86
		AppStore|Any CPU = AppStore|Any CPU
		AppStore|ARM = AppStore|ARM
		AppStore|iPhone = AppStore|iPhone
		AppStore|iPhoneSimulator = AppStore|iPhoneSimulator
		AppStore|x64 = AppStore|x64
		AppStore|x86 = AppStore|x86
		Debug|Any CPU = Debug|Any CPU
		Debug|ARM = Debug|ARM
		Debug|iPhone = Debug|iPhone
		Debug|iPhoneSimulator = Debug|iPhoneSimulator
		Debug|x64 = Debug|x64
		Debug|x86 = Debug|x86
		Release|Any CPU = Release|Any CPU
		Release|ARM = Release|ARM
		Release|iPhone = Release|iPhone
		Release|iPhoneSimulator = Release|iPhoneSimulator
		Release|x64 = Release|x64
		Release|x86 = Release|x86
	EndGlobalSection
	GlobalSection(ProjectConfigurationPlatforms) = postSolution
		{AB1080D3-6F91-449E-A5F5-29A1CC522348}.Ad-Hoc|Any CPU.ActiveCfg = Release|Any CPU
		{AB1080D3-6F91-449E-A5F5-29A1CC522348}.Ad-Hoc|Any CPU.Build.0 = Release|Any CPU
		{AB1080D3-6F91-449E-A5F5-29A1CC522348}.Ad-Hoc|ARM.ActiveCfg = Release|Any CPU
		{AB1080D3-6F91-449E-A5F5-29A1CC522348}.Ad-Hoc|ARM.Build.0 = Release|Any CPU
		{AB1080D3-6F91-449E-A5F5-29A1CC522348}.Ad-Hoc|iPhone.ActiveCfg = Release|Any CPU
		{AB1080D3-6F91-449E-A5F5-29A1CC522348}.Ad-Hoc|iPhone.Build.0 = Release|Any CPU
		{AB1080D3-6F91-449E-A5F5-29A1CC522348}.Ad-Hoc|iPhoneSimulator.ActiveCfg = Release|Any CPU
		{AB1080D3-6F91-449E-A5F5-29A1CC522348}.Ad-Hoc|iPhoneSimulator.Build.0 = Release|Any CPU
		{AB1080D3-6F91-449E-A5F5-29A1CC522348}.Ad-Hoc|x64.ActiveCfg = Release|Any CPU
		{AB1080D3-6F91-449E-A5F5-29A1CC522348}.Ad-Hoc|x64.Build.0 = Release|Any CPU
		{AB1080D3-6F91-449E-A5F5-29A1CC522348}.Ad-Hoc|x86.ActiveCfg = Release|Any CPU
		{AB1080D3-6F91-449E-A5F5-29A1CC522348}.Ad-Hoc|x86.Build.0 = Release|Any CPU
		{AB1080D3-6F91-449E-A5F5-29A1CC522348}.AppStore|Any CPU.ActiveCfg = Release|Any CPU
		{AB1080D3-6F91-449E-A5F5-29A1CC522348}.AppStore|Any CPU.Build.0 = Release|Any CPU
		{AB1080D3-6F91-449E-A5F5-29A1CC522348}.AppStore|ARM.ActiveCfg = Release|Any CPU
		{AB1080D3-6F91-449E-A5F5-29A1CC522348}.AppStore|ARM.Build.0 = Release|Any CPU
		{AB1080D3-6F91-449E-A5F5-29A1CC522348}.AppStore|iPhone.ActiveCfg = Release|Any CPU
		{AB1080D3-6F91-449E-A5F5-29A1CC522348}.AppStore|iPhone.Build.0 = Release|Any CPU
		{AB1080D3-6F91-449E-A5F5-29A1CC522348}.AppStore|iPhoneSimulator.ActiveCfg = Release|Any CPU
		{AB1080D3-6F91-449E-A5F5-29A1CC522348}.AppStore|iPhoneSimulator.Build.0 = Release|Any CPU
		{AB1080D3-6F91-449E-A5F5-29A1CC522348}.AppStore|x64.ActiveCfg = Release|Any CPU
		{AB1080D3-6F91-449E-A5F5-29A1CC522348}.AppStore|x64.Build.0 = Release|Any CPU
		{AB1080D3-6F91-449E-A5F5-29A1CC522348}.AppStore|x86.ActiveCfg = Release|Any CPU
		{AB1080D3-6F91-449E-A5F5-29A1CC522348}.AppStore|x86.Build.0 = Release|Any CPU
		{AB1080D3-6F91-449E-A5F5-29A1CC522348}.Debug|Any CPU.ActiveCfg = Debug|Any CPU
		{AB1080D3-6F91-449E-A5F5-29A1CC522348}.Debug|Any CPU.Build.0 = Debug|Any CPU
		{AB1080D3-6F91-449E-A5F5-29A1CC522348}.Debug|ARM.ActiveCfg = Debug|Any CPU
		{AB1080D3-6F91-449E-A5F5-29A1CC522348}.Debug|ARM.Build.0 = Debug|Any CPU
		{AB1080D3-6F91-449E-A5F5-29A1CC522348}.Debug|iPhone.ActiveCfg = Debug|Any CPU
		{AB1080D3-6F91-449E-A5F5-29A1CC522348}.Debug|iPhone.Build.0 = Debug|Any CPU
		{AB1080D3-6F91-449E-A5F5-29A1CC522348}.Debug|iPhoneSimulator.ActiveCfg = Debug|Any CPU
		{AB1080D3-6F91-449E-A5F5-29A1CC522348}.Debug|iPhoneSimulator.Build.0 = Debug|Any CPU
		{AB1080D3-6F91-449E-A5F5-29A1CC522348}.Debug|x64.ActiveCfg = Debug|Any CPU
		{AB1080D3-6F91-449E-A5F5-29A1CC522348}.Debug|x64.Build.0 = Debug|Any CPU
		{AB1080D3-6F91-449E-A5F5-29A1CC522348}.Debug|x86.ActiveCfg = Debug|Any CPU
		{AB1080D3-6F91-449E-A5F5-29A1CC522348}.Debug|x86.Build.0 = Debug|Any CPU
		{AB1080D3-6F91-449E-A5F5-29A1CC522348}.Release|Any CPU.ActiveCfg = Release|Any CPU
		{AB1080D3-6F91-449E-A5F5-29A1CC522348}.Release|Any CPU.Build.0 = Release|Any CPU
		{AB1080D3-6F91-449E-A5F5-29A1CC522348}.Release|ARM.ActiveCfg = Release|Any CPU
		{AB1080D3-6F91-449E-A5F5-29A1CC522348}.Release|ARM.Build.0 = Release|Any CPU
		{AB1080D3-6F91-449E-A5F5-29A1CC522348}.Release|iPhone.ActiveCfg = Release|Any CPU
		{AB1080D3-6F91-449E-A5F5-29A1CC522348}.Release|iPhone.Build.0 = Release|Any CPU
		{AB1080D3-6F91-449E-A5F5-29A1CC522348}.Release|iPhoneSimulator.ActiveCfg = Release|Any CPU
		{AB1080D3-6F91-449E-A5F5-29A1CC522348}.Release|iPhoneSimulator.Build.0 = Release|Any CPU
		{AB1080D3-6F91-449E-A5F5-29A1CC522348}.Release|x64.ActiveCfg = Release|Any CPU
		{AB1080D3-6F91-449E-A5F5-29A1CC522348}.Release|x64.Build.0 = Release|Any CPU
		{AB1080D3-6F91-449E-A5F5-29A1CC522348}.Release|x86.ActiveCfg = Release|Any CPU
		{AB1080D3-6F91-449E-A5F5-29A1CC522348}.Release|x86.Build.0 = Release|Any CPU
		{A01CB035-0DCE-47D9-A139-371027956417}.Ad-Hoc|Any CPU.ActiveCfg = Release|Any CPU
		{A01CB035-0DCE-47D9-A139-371027956417}.Ad-Hoc|Any CPU.Build.0 = Release|Any CPU
		{A01CB035-0DCE-47D9-A139-371027956417}.Ad-Hoc|Any CPU.Deploy.0 = Release|Any CPU
		{A01CB035-0DCE-47D9-A139-371027956417}.Ad-Hoc|ARM.ActiveCfg = Release|Any CPU
		{A01CB035-0DCE-47D9-A139-371027956417}.Ad-Hoc|ARM.Build.0 = Release|Any CPU
		{A01CB035-0DCE-47D9-A139-371027956417}.Ad-Hoc|ARM.Deploy.0 = Release|Any CPU
		{A01CB035-0DCE-47D9-A139-371027956417}.Ad-Hoc|iPhone.ActiveCfg = Release|Any CPU
		{A01CB035-0DCE-47D9-A139-371027956417}.Ad-Hoc|iPhone.Build.0 = Release|Any CPU
		{A01CB035-0DCE-47D9-A139-371027956417}.Ad-Hoc|iPhone.Deploy.0 = Release|Any CPU
		{A01CB035-0DCE-47D9-A139-371027956417}.Ad-Hoc|iPhoneSimulator.ActiveCfg = Release|Any CPU
		{A01CB035-0DCE-47D9-A139-371027956417}.Ad-Hoc|iPhoneSimulator.Build.0 = Release|Any CPU
		{A01CB035-0DCE-47D9-A139-371027956417}.Ad-Hoc|iPhoneSimulator.Deploy.0 = Release|Any CPU
		{A01CB035-0DCE-47D9-A139-371027956417}.Ad-Hoc|x64.ActiveCfg = Release|Any CPU
		{A01CB035-0DCE-47D9-A139-371027956417}.Ad-Hoc|x64.Build.0 = Release|Any CPU
		{A01CB035-0DCE-47D9-A139-371027956417}.Ad-Hoc|x64.Deploy.0 = Release|Any CPU
		{A01CB035-0DCE-47D9-A139-371027956417}.Ad-Hoc|x86.ActiveCfg = Release|Any CPU
		{A01CB035-0DCE-47D9-A139-371027956417}.Ad-Hoc|x86.Build.0 = Release|Any CPU
		{A01CB035-0DCE-47D9-A139-371027956417}.Ad-Hoc|x86.Deploy.0 = Release|Any CPU
		{A01CB035-0DCE-47D9-A139-371027956417}.AppStore|Any CPU.ActiveCfg = Release|Any CPU
		{A01CB035-0DCE-47D9-A139-371027956417}.AppStore|Any CPU.Build.0 = Release|Any CPU
		{A01CB035-0DCE-47D9-A139-371027956417}.AppStore|Any CPU.Deploy.0 = Release|Any CPU
		{A01CB035-0DCE-47D9-A139-371027956417}.AppStore|ARM.ActiveCfg = Release|Any CPU
		{A01CB035-0DCE-47D9-A139-371027956417}.AppStore|ARM.Build.0 = Release|Any CPU
		{A01CB035-0DCE-47D9-A139-371027956417}.AppStore|ARM.Deploy.0 = Release|Any CPU
		{A01CB035-0DCE-47D9-A139-371027956417}.AppStore|iPhone.ActiveCfg = Release|Any CPU
		{A01CB035-0DCE-47D9-A139-371027956417}.AppStore|iPhone.Build.0 = Release|Any CPU
		{A01CB035-0DCE-47D9-A139-371027956417}.AppStore|iPhone.Deploy.0 = Release|Any CPU
		{A01CB035-0DCE-47D9-A139-371027956417}.AppStore|iPhoneSimulator.ActiveCfg = Release|Any CPU
		{A01CB035-0DCE-47D9-A139-371027956417}.AppStore|iPhoneSimulator.Build.0 = Release|Any CPU
		{A01CB035-0DCE-47D9-A139-371027956417}.AppStore|iPhoneSimulator.Deploy.0 = Release|Any CPU
		{A01CB035-0DCE-47D9-A139-371027956417}.AppStore|x64.ActiveCfg = Release|Any CPU
		{A01CB035-0DCE-47D9-A139-371027956417}.AppStore|x64.Build.0 = Release|Any CPU
		{A01CB035-0DCE-47D9-A139-371027956417}.AppStore|x64.Deploy.0 = Release|Any CPU
		{A01CB035-0DCE-47D9-A139-371027956417}.AppStore|x86.ActiveCfg = Release|Any CPU
		{A01CB035-0DCE-47D9-A139-371027956417}.AppStore|x86.Build.0 = Release|Any CPU
		{A01CB035-0DCE-47D9-A139-371027956417}.AppStore|x86.Deploy.0 = Release|Any CPU
		{A01CB035-0DCE-47D9-A139-371027956417}.Debug|Any CPU.ActiveCfg = Debug|Any CPU
		{A01CB035-0DCE-47D9-A139-371027956417}.Debug|Any CPU.Build.0 = Debug|Any CPU
		{A01CB035-0DCE-47D9-A139-371027956417}.Debug|Any CPU.Deploy.0 = Debug|Any CPU
		{A01CB035-0DCE-47D9-A139-371027956417}.Debug|ARM.ActiveCfg = Debug|Any CPU
		{A01CB035-0DCE-47D9-A139-371027956417}.Debug|ARM.Build.0 = Debug|Any CPU
		{A01CB035-0DCE-47D9-A139-371027956417}.Debug|ARM.Deploy.0 = Debug|Any CPU
		{A01CB035-0DCE-47D9-A139-371027956417}.Debug|iPhone.ActiveCfg = Debug|Any CPU
		{A01CB035-0DCE-47D9-A139-371027956417}.Debug|iPhone.Build.0 = Debug|Any CPU
		{A01CB035-0DCE-47D9-A139-371027956417}.Debug|iPhone.Deploy.0 = Debug|Any CPU
		{A01CB035-0DCE-47D9-A139-371027956417}.Debug|iPhoneSimulator.ActiveCfg = Debug|Any CPU
		{A01CB035-0DCE-47D9-A139-371027956417}.Debug|iPhoneSimulator.Build.0 = Debug|Any CPU
		{A01CB035-0DCE-47D9-A139-371027956417}.Debug|iPhoneSimulator.Deploy.0 = Debug|Any CPU
		{A01CB035-0DCE-47D9-A139-371027956417}.Debug|x64.ActiveCfg = Debug|Any CPU
		{A01CB035-0DCE-47D9-A139-371027956417}.Debug|x64.Build.0 = Debug|Any CPU
		{A01CB035-0DCE-47D9-A139-371027956417}.Debug|x64.Deploy.0 = Debug|Any CPU
		{A01CB035-0DCE-47D9-A139-371027956417}.Debug|x86.ActiveCfg = Debug|Any CPU
		{A01CB035-0DCE-47D9-A139-371027956417}.Debug|x86.Build.0 = Debug|Any CPU
		{A01CB035-0DCE-47D9-A139-371027956417}.Debug|x86.Deploy.0 = Debug|Any CPU
		{A01CB035-0DCE-47D9-A139-371027956417}.Release|Any CPU.ActiveCfg = Release|Any CPU
		{A01CB035-0DCE-47D9-A139-371027956417}.Release|Any CPU.Build.0 = Release|Any CPU
		{A01CB035-0DCE-47D9-A139-371027956417}.Release|Any CPU.Deploy.0 = Release|Any CPU
		{A01CB035-0DCE-47D9-A139-371027956417}.Release|ARM.ActiveCfg = Release|Any CPU
		{A01CB035-0DCE-47D9-A139-371027956417}.Release|ARM.Build.0 = Release|Any CPU
		{A01CB035-0DCE-47D9-A139-371027956417}.Release|ARM.Deploy.0 = Release|Any CPU
		{A01CB035-0DCE-47D9-A139-371027956417}.Release|iPhone.ActiveCfg = Release|Any CPU
		{A01CB035-0DCE-47D9-A139-371027956417}.Release|iPhone.Build.0 = Release|Any CPU
		{A01CB035-0DCE-47D9-A139-371027956417}.Release|iPhone.Deploy.0 = Release|Any CPU
		{A01CB035-0DCE-47D9-A139-371027956417}.Release|iPhoneSimulator.ActiveCfg = Release|Any CPU
		{A01CB035-0DCE-47D9-A139-371027956417}.Release|iPhoneSimulator.Build.0 = Release|Any CPU
		{A01CB035-0DCE-47D9-A139-371027956417}.Release|iPhoneSimulator.Deploy.0 = Release|Any CPU
		{A01CB035-0DCE-47D9-A139-371027956417}.Release|x64.ActiveCfg = Release|Any CPU
		{A01CB035-0DCE-47D9-A139-371027956417}.Release|x64.Build.0 = Release|Any CPU
		{A01CB035-0DCE-47D9-A139-371027956417}.Release|x64.Deploy.0 = Release|Any CPU
		{A01CB035-0DCE-47D9-A139-371027956417}.Release|x86.ActiveCfg = Release|Any CPU
		{A01CB035-0DCE-47D9-A139-371027956417}.Release|x86.Build.0 = Release|Any CPU
		{A01CB035-0DCE-47D9-A139-371027956417}.Release|x86.Deploy.0 = Release|Any CPU
		{B09CEA3F-9E86-4032-AA8C-C2035A560F70}.Ad-Hoc|Any CPU.ActiveCfg = Ad-Hoc|iPhone
		{B09CEA3F-9E86-4032-AA8C-C2035A560F70}.Ad-Hoc|ARM.ActiveCfg = Ad-Hoc|iPhone
		{B09CEA3F-9E86-4032-AA8C-C2035A560F70}.Ad-Hoc|iPhone.ActiveCfg = Ad-Hoc|iPhone
		{B09CEA3F-9E86-4032-AA8C-C2035A560F70}.Ad-Hoc|iPhone.Build.0 = Ad-Hoc|iPhone
		{B09CEA3F-9E86-4032-AA8C-C2035A560F70}.Ad-Hoc|iPhoneSimulator.ActiveCfg = Ad-Hoc|iPhoneSimulator
		{B09CEA3F-9E86-4032-AA8C-C2035A560F70}.Ad-Hoc|iPhoneSimulator.Build.0 = Ad-Hoc|iPhoneSimulator
		{B09CEA3F-9E86-4032-AA8C-C2035A560F70}.Ad-Hoc|x64.ActiveCfg = Ad-Hoc|iPhone
		{B09CEA3F-9E86-4032-AA8C-C2035A560F70}.Ad-Hoc|x86.ActiveCfg = Ad-Hoc|iPhone
		{B09CEA3F-9E86-4032-AA8C-C2035A560F70}.AppStore|Any CPU.ActiveCfg = AppStore|iPhone
		{B09CEA3F-9E86-4032-AA8C-C2035A560F70}.AppStore|ARM.ActiveCfg = AppStore|iPhone
		{B09CEA3F-9E86-4032-AA8C-C2035A560F70}.AppStore|iPhone.ActiveCfg = AppStore|iPhone
		{B09CEA3F-9E86-4032-AA8C-C2035A560F70}.AppStore|iPhone.Build.0 = AppStore|iPhone
		{B09CEA3F-9E86-4032-AA8C-C2035A560F70}.AppStore|iPhoneSimulator.ActiveCfg = AppStore|iPhoneSimulator
		{B09CEA3F-9E86-4032-AA8C-C2035A560F70}.AppStore|iPhoneSimulator.Build.0 = AppStore|iPhoneSimulator
		{B09CEA3F-9E86-4032-AA8C-C2035A560F70}.AppStore|x64.ActiveCfg = AppStore|iPhone
		{B09CEA3F-9E86-4032-AA8C-C2035A560F70}.AppStore|x86.ActiveCfg = AppStore|iPhone
		{B09CEA3F-9E86-4032-AA8C-C2035A560F70}.Debug|Any CPU.ActiveCfg = Debug|iPhone
		{B09CEA3F-9E86-4032-AA8C-C2035A560F70}.Debug|ARM.ActiveCfg = Debug|iPhone
		{B09CEA3F-9E86-4032-AA8C-C2035A560F70}.Debug|iPhone.ActiveCfg = Debug|iPhone
		{B09CEA3F-9E86-4032-AA8C-C2035A560F70}.Debug|iPhone.Build.0 = Debug|iPhone
		{B09CEA3F-9E86-4032-AA8C-C2035A560F70}.Debug|iPhoneSimulator.ActiveCfg = Debug|iPhoneSimulator
		{B09CEA3F-9E86-4032-AA8C-C2035A560F70}.Debug|iPhoneSimulator.Build.0 = Debug|iPhoneSimulator
		{B09CEA3F-9E86-4032-AA8C-C2035A560F70}.Debug|x64.ActiveCfg = Debug|iPhone
		{B09CEA3F-9E86-4032-AA8C-C2035A560F70}.Debug|x86.ActiveCfg = Debug|iPhone
		{B09CEA3F-9E86-4032-AA8C-C2035A560F70}.Release|Any CPU.ActiveCfg = Release|iPhone
		{B09CEA3F-9E86-4032-AA8C-C2035A560F70}.Release|ARM.ActiveCfg = Release|iPhone
		{B09CEA3F-9E86-4032-AA8C-C2035A560F70}.Release|iPhone.ActiveCfg = Release|iPhone
		{B09CEA3F-9E86-4032-AA8C-C2035A560F70}.Release|iPhone.Build.0 = Release|iPhone
		{B09CEA3F-9E86-4032-AA8C-C2035A560F70}.Release|iPhoneSimulator.ActiveCfg = Release|iPhoneSimulator
		{B09CEA3F-9E86-4032-AA8C-C2035A560F70}.Release|iPhoneSimulator.Build.0 = Release|iPhoneSimulator
		{B09CEA3F-9E86-4032-AA8C-C2035A560F70}.Release|x64.ActiveCfg = Release|iPhone
		{B09CEA3F-9E86-4032-AA8C-C2035A560F70}.Release|x86.ActiveCfg = Release|iPhone
		{139E4D87-7137-4349-9DA3-7C6DD282FABF}.Ad-Hoc|Any CPU.ActiveCfg = Release|Any CPU
		{139E4D87-7137-4349-9DA3-7C6DD282FABF}.Ad-Hoc|Any CPU.Build.0 = Release|Any CPU
		{139E4D87-7137-4349-9DA3-7C6DD282FABF}.Ad-Hoc|Any CPU.Deploy.0 = Release|Any CPU
		{139E4D87-7137-4349-9DA3-7C6DD282FABF}.Ad-Hoc|ARM.ActiveCfg = Release|ARM
		{139E4D87-7137-4349-9DA3-7C6DD282FABF}.Ad-Hoc|ARM.Build.0 = Release|ARM
		{139E4D87-7137-4349-9DA3-7C6DD282FABF}.Ad-Hoc|ARM.Deploy.0 = Release|ARM
		{139E4D87-7137-4349-9DA3-7C6DD282FABF}.Ad-Hoc|iPhone.ActiveCfg = Release|Any CPU
		{139E4D87-7137-4349-9DA3-7C6DD282FABF}.Ad-Hoc|iPhone.Build.0 = Release|Any CPU
		{139E4D87-7137-4349-9DA3-7C6DD282FABF}.Ad-Hoc|iPhone.Deploy.0 = Release|Any CPU
		{139E4D87-7137-4349-9DA3-7C6DD282FABF}.Ad-Hoc|iPhoneSimulator.ActiveCfg = Release|Any CPU
		{139E4D87-7137-4349-9DA3-7C6DD282FABF}.Ad-Hoc|iPhoneSimulator.Build.0 = Release|Any CPU
		{139E4D87-7137-4349-9DA3-7C6DD282FABF}.Ad-Hoc|iPhoneSimulator.Deploy.0 = Release|Any CPU
		{139E4D87-7137-4349-9DA3-7C6DD282FABF}.Ad-Hoc|x64.ActiveCfg = Release|Any CPU
		{139E4D87-7137-4349-9DA3-7C6DD282FABF}.Ad-Hoc|x64.Build.0 = Release|Any CPU
		{139E4D87-7137-4349-9DA3-7C6DD282FABF}.Ad-Hoc|x64.Deploy.0 = Release|Any CPU
		{139E4D87-7137-4349-9DA3-7C6DD282FABF}.Ad-Hoc|x86.ActiveCfg = Release|x86
		{139E4D87-7137-4349-9DA3-7C6DD282FABF}.Ad-Hoc|x86.Build.0 = Release|x86
		{139E4D87-7137-4349-9DA3-7C6DD282FABF}.Ad-Hoc|x86.Deploy.0 = Release|x86
		{139E4D87-7137-4349-9DA3-7C6DD282FABF}.AppStore|Any CPU.ActiveCfg = Release|Any CPU
		{139E4D87-7137-4349-9DA3-7C6DD282FABF}.AppStore|Any CPU.Build.0 = Release|Any CPU
		{139E4D87-7137-4349-9DA3-7C6DD282FABF}.AppStore|Any CPU.Deploy.0 = Release|Any CPU
		{139E4D87-7137-4349-9DA3-7C6DD282FABF}.AppStore|ARM.ActiveCfg = Release|ARM
		{139E4D87-7137-4349-9DA3-7C6DD282FABF}.AppStore|ARM.Build.0 = Release|ARM
		{139E4D87-7137-4349-9DA3-7C6DD282FABF}.AppStore|ARM.Deploy.0 = Release|ARM
		{139E4D87-7137-4349-9DA3-7C6DD282FABF}.AppStore|iPhone.ActiveCfg = Release|Any CPU
		{139E4D87-7137-4349-9DA3-7C6DD282FABF}.AppStore|iPhone.Build.0 = Release|Any CPU
		{139E4D87-7137-4349-9DA3-7C6DD282FABF}.AppStore|iPhone.Deploy.0 = Release|Any CPU
		{139E4D87-7137-4349-9DA3-7C6DD282FABF}.AppStore|iPhoneSimulator.ActiveCfg = Release|Any CPU
		{139E4D87-7137-4349-9DA3-7C6DD282FABF}.AppStore|iPhoneSimulator.Build.0 = Release|Any CPU
		{139E4D87-7137-4349-9DA3-7C6DD282FABF}.AppStore|iPhoneSimulator.Deploy.0 = Release|Any CPU
		{139E4D87-7137-4349-9DA3-7C6DD282FABF}.AppStore|x64.ActiveCfg = Release|Any CPU
		{139E4D87-7137-4349-9DA3-7C6DD282FABF}.AppStore|x64.Build.0 = Release|Any CPU
		{139E4D87-7137-4349-9DA3-7C6DD282FABF}.AppStore|x64.Deploy.0 = Release|Any CPU
		{139E4D87-7137-4349-9DA3-7C6DD282FABF}.AppStore|x86.ActiveCfg = Release|x86
		{139E4D87-7137-4349-9DA3-7C6DD282FABF}.AppStore|x86.Build.0 = Release|x86
		{139E4D87-7137-4349-9DA3-7C6DD282FABF}.AppStore|x86.Deploy.0 = Release|x86
		{139E4D87-7137-4349-9DA3-7C6DD282FABF}.Debug|Any CPU.ActiveCfg = Debug|Any CPU
		{139E4D87-7137-4349-9DA3-7C6DD282FABF}.Debug|ARM.ActiveCfg = Debug|ARM
		{139E4D87-7137-4349-9DA3-7C6DD282FABF}.Debug|ARM.Build.0 = Debug|ARM
		{139E4D87-7137-4349-9DA3-7C6DD282FABF}.Debug|ARM.Deploy.0 = Debug|ARM
		{139E4D87-7137-4349-9DA3-7C6DD282FABF}.Debug|iPhone.ActiveCfg = Debug|Any CPU
		{139E4D87-7137-4349-9DA3-7C6DD282FABF}.Debug|iPhone.Build.0 = Debug|Any CPU
		{139E4D87-7137-4349-9DA3-7C6DD282FABF}.Debug|iPhone.Deploy.0 = Debug|Any CPU
		{139E4D87-7137-4349-9DA3-7C6DD282FABF}.Debug|iPhoneSimulator.ActiveCfg = Debug|Any CPU
		{139E4D87-7137-4349-9DA3-7C6DD282FABF}.Debug|iPhoneSimulator.Build.0 = Debug|Any CPU
		{139E4D87-7137-4349-9DA3-7C6DD282FABF}.Debug|iPhoneSimulator.Deploy.0 = Debug|Any CPU
		{139E4D87-7137-4349-9DA3-7C6DD282FABF}.Debug|x64.ActiveCfg = Debug|Any CPU
		{139E4D87-7137-4349-9DA3-7C6DD282FABF}.Debug|x64.Build.0 = Debug|Any CPU
		{139E4D87-7137-4349-9DA3-7C6DD282FABF}.Debug|x64.Deploy.0 = Debug|Any CPU
		{139E4D87-7137-4349-9DA3-7C6DD282FABF}.Debug|x86.ActiveCfg = Debug|x86
		{139E4D87-7137-4349-9DA3-7C6DD282FABF}.Debug|x86.Build.0 = Debug|x86
		{139E4D87-7137-4349-9DA3-7C6DD282FABF}.Debug|x86.Deploy.0 = Debug|x86
		{139E4D87-7137-4349-9DA3-7C6DD282FABF}.Release|Any CPU.ActiveCfg = Release|Any CPU
		{139E4D87-7137-4349-9DA3-7C6DD282FABF}.Release|Any CPU.Build.0 = Release|Any CPU
		{139E4D87-7137-4349-9DA3-7C6DD282FABF}.Release|Any CPU.Deploy.0 = Release|Any CPU
		{139E4D87-7137-4349-9DA3-7C6DD282FABF}.Release|ARM.ActiveCfg = Release|ARM
		{139E4D87-7137-4349-9DA3-7C6DD282FABF}.Release|ARM.Build.0 = Release|ARM
		{139E4D87-7137-4349-9DA3-7C6DD282FABF}.Release|ARM.Deploy.0 = Release|ARM
		{139E4D87-7137-4349-9DA3-7C6DD282FABF}.Release|iPhone.ActiveCfg = Release|Any CPU
		{139E4D87-7137-4349-9DA3-7C6DD282FABF}.Release|iPhone.Build.0 = Release|Any CPU
		{139E4D87-7137-4349-9DA3-7C6DD282FABF}.Release|iPhone.Deploy.0 = Release|Any CPU
		{139E4D87-7137-4349-9DA3-7C6DD282FABF}.Release|iPhoneSimulator.ActiveCfg = Release|Any CPU
		{139E4D87-7137-4349-9DA3-7C6DD282FABF}.Release|iPhoneSimulator.Build.0 = Release|Any CPU
		{139E4D87-7137-4349-9DA3-7C6DD282FABF}.Release|iPhoneSimulator.Deploy.0 = Release|Any CPU
		{139E4D87-7137-4349-9DA3-7C6DD282FABF}.Release|x64.ActiveCfg = Release|Any CPU
		{139E4D87-7137-4349-9DA3-7C6DD282FABF}.Release|x64.Build.0 = Release|Any CPU
		{139E4D87-7137-4349-9DA3-7C6DD282FABF}.Release|x64.Deploy.0 = Release|Any CPU
		{139E4D87-7137-4349-9DA3-7C6DD282FABF}.Release|x86.ActiveCfg = Release|x86
		{139E4D87-7137-4349-9DA3-7C6DD282FABF}.Release|x86.Build.0 = Release|x86
		{139E4D87-7137-4349-9DA3-7C6DD282FABF}.Release|x86.Deploy.0 = Release|x86
		{3EB29F62-5BCC-4EF5-9BE6-3C95F572DD14}.Ad-Hoc|Any CPU.ActiveCfg = Release|Any CPU
		{3EB29F62-5BCC-4EF5-9BE6-3C95F572DD14}.Ad-Hoc|Any CPU.Build.0 = Release|Any CPU
		{3EB29F62-5BCC-4EF5-9BE6-3C95F572DD14}.Ad-Hoc|Any CPU.Deploy.0 = Release|Any CPU
		{3EB29F62-5BCC-4EF5-9BE6-3C95F572DD14}.Ad-Hoc|ARM.ActiveCfg = Release|ARM
		{3EB29F62-5BCC-4EF5-9BE6-3C95F572DD14}.Ad-Hoc|ARM.Build.0 = Release|ARM
		{3EB29F62-5BCC-4EF5-9BE6-3C95F572DD14}.Ad-Hoc|ARM.Deploy.0 = Release|ARM
		{3EB29F62-5BCC-4EF5-9BE6-3C95F572DD14}.Ad-Hoc|iPhone.ActiveCfg = Release|Any CPU
		{3EB29F62-5BCC-4EF5-9BE6-3C95F572DD14}.Ad-Hoc|iPhone.Build.0 = Release|Any CPU
		{3EB29F62-5BCC-4EF5-9BE6-3C95F572DD14}.Ad-Hoc|iPhone.Deploy.0 = Release|Any CPU
		{3EB29F62-5BCC-4EF5-9BE6-3C95F572DD14}.Ad-Hoc|iPhoneSimulator.ActiveCfg = Release|Any CPU
		{3EB29F62-5BCC-4EF5-9BE6-3C95F572DD14}.Ad-Hoc|iPhoneSimulator.Build.0 = Release|Any CPU
		{3EB29F62-5BCC-4EF5-9BE6-3C95F572DD14}.Ad-Hoc|iPhoneSimulator.Deploy.0 = Release|Any CPU
		{3EB29F62-5BCC-4EF5-9BE6-3C95F572DD14}.Ad-Hoc|x64.ActiveCfg = Release|x64
		{3EB29F62-5BCC-4EF5-9BE6-3C95F572DD14}.Ad-Hoc|x64.Build.0 = Release|x64
		{3EB29F62-5BCC-4EF5-9BE6-3C95F572DD14}.Ad-Hoc|x64.Deploy.0 = Release|x64
		{3EB29F62-5BCC-4EF5-9BE6-3C95F572DD14}.Ad-Hoc|x86.ActiveCfg = Release|x86
		{3EB29F62-5BCC-4EF5-9BE6-3C95F572DD14}.Ad-Hoc|x86.Build.0 = Release|x86
		{3EB29F62-5BCC-4EF5-9BE6-3C95F572DD14}.Ad-Hoc|x86.Deploy.0 = Release|x86
		{3EB29F62-5BCC-4EF5-9BE6-3C95F572DD14}.AppStore|Any CPU.ActiveCfg = Release|Any CPU
		{3EB29F62-5BCC-4EF5-9BE6-3C95F572DD14}.AppStore|Any CPU.Build.0 = Release|Any CPU
		{3EB29F62-5BCC-4EF5-9BE6-3C95F572DD14}.AppStore|Any CPU.Deploy.0 = Release|Any CPU
		{3EB29F62-5BCC-4EF5-9BE6-3C95F572DD14}.AppStore|ARM.ActiveCfg = Release|ARM
		{3EB29F62-5BCC-4EF5-9BE6-3C95F572DD14}.AppStore|ARM.Build.0 = Release|ARM
		{3EB29F62-5BCC-4EF5-9BE6-3C95F572DD14}.AppStore|ARM.Deploy.0 = Release|ARM
		{3EB29F62-5BCC-4EF5-9BE6-3C95F572DD14}.AppStore|iPhone.ActiveCfg = Release|Any CPU
		{3EB29F62-5BCC-4EF5-9BE6-3C95F572DD14}.AppStore|iPhone.Build.0 = Release|Any CPU
		{3EB29F62-5BCC-4EF5-9BE6-3C95F572DD14}.AppStore|iPhone.Deploy.0 = Release|Any CPU
		{3EB29F62-5BCC-4EF5-9BE6-3C95F572DD14}.AppStore|iPhoneSimulator.ActiveCfg = Release|Any CPU
		{3EB29F62-5BCC-4EF5-9BE6-3C95F572DD14}.AppStore|iPhoneSimulator.Build.0 = Release|Any CPU
		{3EB29F62-5BCC-4EF5-9BE6-3C95F572DD14}.AppStore|iPhoneSimulator.Deploy.0 = Release|Any CPU
		{3EB29F62-5BCC-4EF5-9BE6-3C95F572DD14}.AppStore|x64.ActiveCfg = Release|x64
		{3EB29F62-5BCC-4EF5-9BE6-3C95F572DD14}.AppStore|x64.Build.0 = Release|x64
		{3EB29F62-5BCC-4EF5-9BE6-3C95F572DD14}.AppStore|x64.Deploy.0 = Release|x64
		{3EB29F62-5BCC-4EF5-9BE6-3C95F572DD14}.AppStore|x86.ActiveCfg = Release|x86
		{3EB29F62-5BCC-4EF5-9BE6-3C95F572DD14}.AppStore|x86.Build.0 = Release|x86
		{3EB29F62-5BCC-4EF5-9BE6-3C95F572DD14}.AppStore|x86.Deploy.0 = Release|x86
		{3EB29F62-5BCC-4EF5-9BE6-3C95F572DD14}.Debug|Any CPU.ActiveCfg = Debug|Any CPU
		{3EB29F62-5BCC-4EF5-9BE6-3C95F572DD14}.Debug|ARM.ActiveCfg = Debug|ARM
		{3EB29F62-5BCC-4EF5-9BE6-3C95F572DD14}.Debug|ARM.Build.0 = Debug|ARM
		{3EB29F62-5BCC-4EF5-9BE6-3C95F572DD14}.Debug|ARM.Deploy.0 = Debug|ARM
		{3EB29F62-5BCC-4EF5-9BE6-3C95F572DD14}.Debug|iPhone.ActiveCfg = Debug|Any CPU
		{3EB29F62-5BCC-4EF5-9BE6-3C95F572DD14}.Debug|iPhone.Build.0 = Debug|Any CPU
		{3EB29F62-5BCC-4EF5-9BE6-3C95F572DD14}.Debug|iPhone.Deploy.0 = Debug|Any CPU
		{3EB29F62-5BCC-4EF5-9BE6-3C95F572DD14}.Debug|iPhoneSimulator.ActiveCfg = Debug|Any CPU
		{3EB29F62-5BCC-4EF5-9BE6-3C95F572DD14}.Debug|iPhoneSimulator.Build.0 = Debug|Any CPU
		{3EB29F62-5BCC-4EF5-9BE6-3C95F572DD14}.Debug|iPhoneSimulator.Deploy.0 = Debug|Any CPU
		{3EB29F62-5BCC-4EF5-9BE6-3C95F572DD14}.Debug|x64.ActiveCfg = Debug|x64
		{3EB29F62-5BCC-4EF5-9BE6-3C95F572DD14}.Debug|x64.Build.0 = Debug|x64
		{3EB29F62-5BCC-4EF5-9BE6-3C95F572DD14}.Debug|x64.Deploy.0 = Debug|x64
		{3EB29F62-5BCC-4EF5-9BE6-3C95F572DD14}.Debug|x86.ActiveCfg = Debug|x86
		{3EB29F62-5BCC-4EF5-9BE6-3C95F572DD14}.Debug|x86.Build.0 = Debug|x86
		{3EB29F62-5BCC-4EF5-9BE6-3C95F572DD14}.Debug|x86.Deploy.0 = Debug|x86
		{3EB29F62-5BCC-4EF5-9BE6-3C95F572DD14}.Release|Any CPU.ActiveCfg = Release|Any CPU
		{3EB29F62-5BCC-4EF5-9BE6-3C95F572DD14}.Release|Any CPU.Build.0 = Release|Any CPU
		{3EB29F62-5BCC-4EF5-9BE6-3C95F572DD14}.Release|Any CPU.Deploy.0 = Release|Any CPU
		{3EB29F62-5BCC-4EF5-9BE6-3C95F572DD14}.Release|ARM.ActiveCfg = Release|ARM
		{3EB29F62-5BCC-4EF5-9BE6-3C95F572DD14}.Release|ARM.Build.0 = Release|ARM
		{3EB29F62-5BCC-4EF5-9BE6-3C95F572DD14}.Release|ARM.Deploy.0 = Release|ARM
		{3EB29F62-5BCC-4EF5-9BE6-3C95F572DD14}.Release|iPhone.ActiveCfg = Release|Any CPU
		{3EB29F62-5BCC-4EF5-9BE6-3C95F572DD14}.Release|iPhone.Build.0 = Release|Any CPU
		{3EB29F62-5BCC-4EF5-9BE6-3C95F572DD14}.Release|iPhone.Deploy.0 = Release|Any CPU
		{3EB29F62-5BCC-4EF5-9BE6-3C95F572DD14}.Release|iPhoneSimulator.ActiveCfg = Release|Any CPU
		{3EB29F62-5BCC-4EF5-9BE6-3C95F572DD14}.Release|iPhoneSimulator.Build.0 = Release|Any CPU
		{3EB29F62-5BCC-4EF5-9BE6-3C95F572DD14}.Release|iPhoneSimulator.Deploy.0 = Release|Any CPU
		{3EB29F62-5BCC-4EF5-9BE6-3C95F572DD14}.Release|x64.ActiveCfg = Release|x64
		{3EB29F62-5BCC-4EF5-9BE6-3C95F572DD14}.Release|x64.Build.0 = Release|x64
		{3EB29F62-5BCC-4EF5-9BE6-3C95F572DD14}.Release|x64.Deploy.0 = Release|x64
		{3EB29F62-5BCC-4EF5-9BE6-3C95F572DD14}.Release|x86.ActiveCfg = Release|x86
		{3EB29F62-5BCC-4EF5-9BE6-3C95F572DD14}.Release|x86.Build.0 = Release|x86
		{3EB29F62-5BCC-4EF5-9BE6-3C95F572DD14}.Release|x86.Deploy.0 = Release|x86
	EndGlobalSection
	GlobalSection(SolutionProperties) = preSolution
		HideSolutionNode = FALSE
	EndGlobalSection
EndGlobal
